// !$*UTF8*$!
{
	archiveVersion = 1;
	classes = {
	};
	objectVersion = 56;
	objects = {

/* Begin PBXBuildFile section */
		408E9AD62C2219B400E1EF92 /* UpcomingApp.swift in Sources */ = {isa = PBXBuildFile; fileRef = 408E9AD52C2219B400E1EF92 /* UpcomingApp.swift */; };
		408E9AD82C2219B400E1EF92 /* ContentView.swift in Sources */ = {isa = PBXBuildFile; fileRef = 408E9AD72C2219B400E1EF92 /* ContentView.swift */; };
		408E9ADA2C2219B500E1EF92 /* Assets.xcassets in Resources */ = {isa = PBXBuildFile; fileRef = 408E9AD92C2219B500E1EF92 /* Assets.xcassets */; };
		408E9ADD2C2219B500E1EF92 /* Preview Assets.xcassets in Resources */ = {isa = PBXBuildFile; fileRef = 408E9ADC2C2219B500E1EF92 /* Preview Assets.xcassets */; };
		408E9AE72C2219B500E1EF92 /* UpcomingTests.swift in Sources */ = {isa = PBXBuildFile; fileRef = 408E9AE62C2219B500E1EF92 /* UpcomingTests.swift */; };
		408E9AF12C2219B500E1EF92 /* UpcomingUITests.swift in Sources */ = {isa = PBXBuildFile; fileRef = 408E9AF02C2219B500E1EF92 /* UpcomingUITests.swift */; };
		408E9AF32C2219B500E1EF92 /* UpcomingUITestsLaunchTests.swift in Sources */ = {isa = PBXBuildFile; fileRef = 408E9AF22C2219B500E1EF92 /* UpcomingUITestsLaunchTests.swift */; };
		408E9B002C221A1400E1EF92 /* Event.swift in Sources */ = {isa = PBXBuildFile; fileRef = 408E9AFF2C221A1400E1EF92 /* Event.swift */; };
		408E9B022C221A3E00E1EF92 /* AddEventView.swift in Sources */ = {isa = PBXBuildFile; fileRef = 408E9B012C221A3E00E1EF92 /* AddEventView.swift */; };
		408E9B042C221FB400E1EF92 /* EditEventView.swift in Sources */ = {isa = PBXBuildFile; fileRef = 408E9B032C221FB400E1EF92 /* EditEventView.swift */; };
		408E9B062C22582700E1EF92 /* PastEventsView.swift in Sources */ = {isa = PBXBuildFile; fileRef = 408E9B052C22582700E1EF92 /* PastEventsView.swift */; };
		408E9B082C22647F00E1EF92 /* DateExtensions.swift in Sources */ = {isa = PBXBuildFile; fileRef = 408E9B072C22647F00E1EF92 /* DateExtensions.swift */; };
/* End PBXBuildFile section */

/* Begin PBXContainerItemProxy section */
		408E9AE32C2219B500E1EF92 /* PBXContainerItemProxy */ = {
			isa = PBXContainerItemProxy;
			containerPortal = 408E9ACA2C2219B400E1EF92 /* Project object */;
			proxyType = 1;
			remoteGlobalIDString = 408E9AD12C2219B400E1EF92;
			remoteInfo = Upcoming;
		};
		408E9AED2C2219B500E1EF92 /* PBXContainerItemProxy */ = {
			isa = PBXContainerItemProxy;
			containerPortal = 408E9ACA2C2219B400E1EF92 /* Project object */;
			proxyType = 1;
			remoteGlobalIDString = 408E9AD12C2219B400E1EF92;
			remoteInfo = Upcoming;
		};
/* End PBXContainerItemProxy section */

/* Begin PBXFileReference section */
		408E9AD22C2219B400E1EF92 /* Upcoming.app */ = {isa = PBXFileReference; explicitFileType = wrapper.application; includeInIndex = 0; path = Upcoming.app; sourceTree = BUILT_PRODUCTS_DIR; };
		408E9AD52C2219B400E1EF92 /* UpcomingApp.swift */ = {isa = PBXFileReference; lastKnownFileType = sourcecode.swift; path = UpcomingApp.swift; sourceTree = "<group>"; };
		408E9AD72C2219B400E1EF92 /* ContentView.swift */ = {isa = PBXFileReference; lastKnownFileType = sourcecode.swift; path = ContentView.swift; sourceTree = "<group>"; };
		408E9AD92C2219B500E1EF92 /* Assets.xcassets */ = {isa = PBXFileReference; lastKnownFileType = folder.assetcatalog; path = Assets.xcassets; sourceTree = "<group>"; };
		408E9ADC2C2219B500E1EF92 /* Preview Assets.xcassets */ = {isa = PBXFileReference; lastKnownFileType = folder.assetcatalog; path = "Preview Assets.xcassets"; sourceTree = "<group>"; };
		408E9AE22C2219B500E1EF92 /* UpcomingTests.xctest */ = {isa = PBXFileReference; explicitFileType = wrapper.cfbundle; includeInIndex = 0; path = UpcomingTests.xctest; sourceTree = BUILT_PRODUCTS_DIR; };
		408E9AE62C2219B500E1EF92 /* UpcomingTests.swift */ = {isa = PBXFileReference; lastKnownFileType = sourcecode.swift; path = UpcomingTests.swift; sourceTree = "<group>"; };
		408E9AEC2C2219B500E1EF92 /* UpcomingUITests.xctest */ = {isa = PBXFileReference; explicitFileType = wrapper.cfbundle; includeInIndex = 0; path = UpcomingUITests.xctest; sourceTree = BUILT_PRODUCTS_DIR; };
		408E9AF02C2219B500E1EF92 /* UpcomingUITests.swift */ = {isa = PBXFileReference; lastKnownFileType = sourcecode.swift; path = UpcomingUITests.swift; sourceTree = "<group>"; };
		408E9AF22C2219B500E1EF92 /* UpcomingUITestsLaunchTests.swift */ = {isa = PBXFileReference; lastKnownFileType = sourcecode.swift; path = UpcomingUITestsLaunchTests.swift; sourceTree = "<group>"; };
		408E9AFF2C221A1400E1EF92 /* Event.swift */ = {isa = PBXFileReference; lastKnownFileType = sourcecode.swift; path = Event.swift; sourceTree = "<group>"; };
		408E9B012C221A3E00E1EF92 /* AddEventView.swift */ = {isa = PBXFileReference; lastKnownFileType = sourcecode.swift; path = AddEventView.swift; sourceTree = "<group>"; };
		408E9B032C221FB400E1EF92 /* EditEventView.swift */ = {isa = PBXFileReference; lastKnownFileType = sourcecode.swift; path = EditEventView.swift; sourceTree = "<group>"; };
		408E9B052C22582700E1EF92 /* PastEventsView.swift */ = {isa = PBXFileReference; lastKnownFileType = sourcecode.swift; path = PastEventsView.swift; sourceTree = "<group>"; };
		408E9B072C22647F00E1EF92 /* DateExtensions.swift */ = {isa = PBXFileReference; lastKnownFileType = sourcecode.swift; path = DateExtensions.swift; sourceTree = "<group>"; };
/* End PBXFileReference section */

/* Begin PBXFrameworksBuildPhase section */
		408E9ACF2C2219B400E1EF92 /* Frameworks */ = {
			isa = PBXFrameworksBuildPhase;
			buildActionMask = 2147483647;
			files = (
			);
			runOnlyForDeploymentPostprocessing = 0;
		};
		408E9ADF2C2219B500E1EF92 /* Frameworks */ = {
			isa = PBXFrameworksBuildPhase;
			buildActionMask = 2147483647;
			files = (
			);
			runOnlyForDeploymentPostprocessing = 0;
		};
		408E9AE92C2219B500E1EF92 /* Frameworks */ = {
			isa = PBXFrameworksBuildPhase;
			buildActionMask = 2147483647;
			files = (
			);
			runOnlyForDeploymentPostprocessing = 0;
		};
/* End PBXFrameworksBuildPhase section */

/* Begin PBXGroup section */
		408E9AC92C2219B400E1EF92 = {
			isa = PBXGroup;
			children = (
				408E9AD42C2219B400E1EF92 /* Upcoming */,
				408E9AE52C2219B500E1EF92 /* UpcomingTests */,
				408E9AEF2C2219B500E1EF92 /* UpcomingUITests */,
				408E9AD32C2219B400E1EF92 /* Products */,
			);
			sourceTree = "<group>";
		};
		408E9AD32C2219B400E1EF92 /* Products */ = {
			isa = PBXGroup;
			children = (
				408E9AD22C2219B400E1EF92 /* Upcoming.app */,
				408E9AE22C2219B500E1EF92 /* UpcomingTests.xctest */,
				408E9AEC2C2219B500E1EF92 /* UpcomingUITests.xctest */,
			);
			name = Products;
			sourceTree = "<group>";
		};
		408E9AD42C2219B400E1EF92 /* Upcoming */ = {
			isa = PBXGroup;
			children = (
				408E9B072C22647F00E1EF92 /* DateExtensions.swift */,
				408E9B052C22582700E1EF92 /* PastEventsView.swift */,
				408E9B032C221FB400E1EF92 /* EditEventView.swift */,
				408E9AD52C2219B400E1EF92 /* UpcomingApp.swift */,
				408E9AD72C2219B400E1EF92 /* ContentView.swift */,
				408E9AFF2C221A1400E1EF92 /* Event.swift */,
				408E9B012C221A3E00E1EF92 /* AddEventView.swift */,
				408E9AD92C2219B500E1EF92 /* Assets.xcassets */,
				408E9ADB2C2219B500E1EF92 /* Preview Content */,
			);
			path = Upcoming;
			sourceTree = "<group>";
		};
		408E9ADB2C2219B500E1EF92 /* Preview Content */ = {
			isa = PBXGroup;
			children = (
				408E9ADC2C2219B500E1EF92 /* Preview Assets.xcassets */,
			);
			path = "Preview Content";
			sourceTree = "<group>";
		};
		408E9AE52C2219B500E1EF92 /* UpcomingTests */ = {
			isa = PBXGroup;
			children = (
				408E9AE62C2219B500E1EF92 /* UpcomingTests.swift */,
			);
			path = UpcomingTests;
			sourceTree = "<group>";
		};
		408E9AEF2C2219B500E1EF92 /* UpcomingUITests */ = {
			isa = PBXGroup;
			children = (
				408E9AF02C2219B500E1EF92 /* UpcomingUITests.swift */,
				408E9AF22C2219B500E1EF92 /* UpcomingUITestsLaunchTests.swift */,
			);
			path = UpcomingUITests;
			sourceTree = "<group>";
		};
/* End PBXGroup section */

/* Begin PBXNativeTarget section */
		408E9AD12C2219B400E1EF92 /* Upcoming */ = {
			isa = PBXNativeTarget;
			buildConfigurationList = 408E9AF62C2219B500E1EF92 /* Build configuration list for PBXNativeTarget "Upcoming" */;
			buildPhases = (
				408E9ACE2C2219B400E1EF92 /* Sources */,
				408E9ACF2C2219B400E1EF92 /* Frameworks */,
				408E9AD02C2219B400E1EF92 /* Resources */,
			);
			buildRules = (
			);
			dependencies = (
			);
			name = Upcoming;
			productName = Upcoming;
			productReference = 408E9AD22C2219B400E1EF92 /* Upcoming.app */;
			productType = "com.apple.product-type.application";
		};
		408E9AE12C2219B500E1EF92 /* UpcomingTests */ = {
			isa = PBXNativeTarget;
			buildConfigurationList = 408E9AF92C2219B500E1EF92 /* Build configuration list for PBXNativeTarget "UpcomingTests" */;
			buildPhases = (
				408E9ADE2C2219B500E1EF92 /* Sources */,
				408E9ADF2C2219B500E1EF92 /* Frameworks */,
				408E9AE02C2219B500E1EF92 /* Resources */,
			);
			buildRules = (
			);
			dependencies = (
				408E9AE42C2219B500E1EF92 /* PBXTargetDependency */,
			);
			name = UpcomingTests;
			productName = UpcomingTests;
			productReference = 408E9AE22C2219B500E1EF92 /* UpcomingTests.xctest */;
			productType = "com.apple.product-type.bundle.unit-test";
		};
		408E9AEB2C2219B500E1EF92 /* UpcomingUITests */ = {
			isa = PBXNativeTarget;
			buildConfigurationList = 408E9AFC2C2219B500E1EF92 /* Build configuration list for PBXNativeTarget "UpcomingUITests" */;
			buildPhases = (
				408E9AE82C2219B500E1EF92 /* Sources */,
				408E9AE92C2219B500E1EF92 /* Frameworks */,
				408E9AEA2C2219B500E1EF92 /* Resources */,
			);
			buildRules = (
			);
			dependencies = (
				408E9AEE2C2219B500E1EF92 /* PBXTargetDependency */,
			);
			name = UpcomingUITests;
			productName = UpcomingUITests;
			productReference = 408E9AEC2C2219B500E1EF92 /* UpcomingUITests.xctest */;
			productType = "com.apple.product-type.bundle.ui-testing";
		};
/* End PBXNativeTarget section */

/* Begin PBXProject section */
		408E9ACA2C2219B400E1EF92 /* Project object */ = {
			isa = PBXProject;
			attributes = {
				BuildIndependentTargetsInParallel = 1;
				LastSwiftUpdateCheck = 1540;
				LastUpgradeCheck = 1540;
				TargetAttributes = {
					408E9AD12C2219B400E1EF92 = {
						CreatedOnToolsVersion = 15.4;
					};
					408E9AE12C2219B500E1EF92 = {
						CreatedOnToolsVersion = 15.4;
						TestTargetID = 408E9AD12C2219B400E1EF92;
					};
					408E9AEB2C2219B500E1EF92 = {
						CreatedOnToolsVersion = 15.4;
						TestTargetID = 408E9AD12C2219B400E1EF92;
					};
				};
			};
			buildConfigurationList = 408E9ACD2C2219B400E1EF92 /* Build configuration list for PBXProject "Upcoming" */;
			compatibilityVersion = "Xcode 14.0";
			developmentRegion = en;
			hasScannedForEncodings = 0;
			knownRegions = (
				en,
				Base,
			);
			mainGroup = 408E9AC92C2219B400E1EF92;
			productRefGroup = 408E9AD32C2219B400E1EF92 /* Products */;
			projectDirPath = "";
			projectRoot = "";
			targets = (
				408E9AD12C2219B400E1EF92 /* Upcoming */,
				408E9AE12C2219B500E1EF92 /* UpcomingTests */,
				408E9AEB2C2219B500E1EF92 /* UpcomingUITests */,
			);
		};
/* End PBXProject section */

/* Begin PBXResourcesBuildPhase section */
		408E9AD02C2219B400E1EF92 /* Resources */ = {
			isa = PBXResourcesBuildPhase;
			buildActionMask = 2147483647;
			files = (
				408E9ADD2C2219B500E1EF92 /* Preview Assets.xcassets in Resources */,
				408E9ADA2C2219B500E1EF92 /* Assets.xcassets in Resources */,
			);
			runOnlyForDeploymentPostprocessing = 0;
		};
		408E9AE02C2219B500E1EF92 /* Resources */ = {
			isa = PBXResourcesBuildPhase;
			buildActionMask = 2147483647;
			files = (
			);
			runOnlyForDeploymentPostprocessing = 0;
		};
		408E9AEA2C2219B500E1EF92 /* Resources */ = {
			isa = PBXResourcesBuildPhase;
			buildActionMask = 2147483647;
			files = (
			);
			runOnlyForDeploymentPostprocessing = 0;
		};
/* End PBXResourcesBuildPhase section */

/* Begin PBXSourcesBuildPhase section */
		408E9ACE2C2219B400E1EF92 /* Sources */ = {
			isa = PBXSourcesBuildPhase;
			buildActionMask = 2147483647;
			files = (
				408E9B082C22647F00E1EF92 /* DateExtensions.swift in Sources */,
				408E9AD82C2219B400E1EF92 /* ContentView.swift in Sources */,
				408E9B062C22582700E1EF92 /* PastEventsView.swift in Sources */,
				408E9B002C221A1400E1EF92 /* Event.swift in Sources */,
				408E9AD62C2219B400E1EF92 /* UpcomingApp.swift in Sources */,
				408E9B042C221FB400E1EF92 /* EditEventView.swift in Sources */,
				408E9B022C221A3E00E1EF92 /* AddEventView.swift in Sources */,
			);
			runOnlyForDeploymentPostprocessing = 0;
		};
		408E9ADE2C2219B500E1EF92 /* Sources */ = {
			isa = PBXSourcesBuildPhase;
			buildActionMask = 2147483647;
			files = (
				408E9AE72C2219B500E1EF92 /* UpcomingTests.swift in Sources */,
			);
			runOnlyForDeploymentPostprocessing = 0;
		};
		408E9AE82C2219B500E1EF92 /* Sources */ = {
			isa = PBXSourcesBuildPhase;
			buildActionMask = 2147483647;
			files = (
				408E9AF32C2219B500E1EF92 /* UpcomingUITestsLaunchTests.swift in Sources */,
				408E9AF12C2219B500E1EF92 /* UpcomingUITests.swift in Sources */,
			);
			runOnlyForDeploymentPostprocessing = 0;
		};
/* End PBXSourcesBuildPhase section */

/* Begin PBXTargetDependency section */
		408E9AE42C2219B500E1EF92 /* PBXTargetDependency */ = {
			isa = PBXTargetDependency;
			target = 408E9AD12C2219B400E1EF92 /* Upcoming */;
			targetProxy = 408E9AE32C2219B500E1EF92 /* PBXContainerItemProxy */;
		};
		408E9AEE2C2219B500E1EF92 /* PBXTargetDependency */ = {
			isa = PBXTargetDependency;
			target = 408E9AD12C2219B400E1EF92 /* Upcoming */;
			targetProxy = 408E9AED2C2219B500E1EF92 /* PBXContainerItemProxy */;
		};
/* End PBXTargetDependency section */

/* Begin XCBuildConfiguration section */
		408E9AF42C2219B500E1EF92 /* Debug */ = {
			isa = XCBuildConfiguration;
			buildSettings = {
				ALWAYS_SEARCH_USER_PATHS = NO;
				ASSETCATALOG_COMPILER_GENERATE_SWIFT_ASSET_SYMBOL_EXTENSIONS = YES;
				CLANG_ANALYZER_NONNULL = YES;
				CLANG_ANALYZER_NUMBER_OBJECT_CONVERSION = YES_AGGRESSIVE;
				CLANG_CXX_LANGUAGE_STANDARD = "gnu++20";
				CLANG_ENABLE_MODULES = YES;
				CLANG_ENABLE_OBJC_ARC = YES;
				CLANG_ENABLE_OBJC_WEAK = YES;
				CLANG_WARN_BLOCK_CAPTURE_AUTORELEASING = YES;
				CLANG_WARN_BOOL_CONVERSION = YES;
				CLANG_WARN_COMMA = YES;
				CLANG_WARN_CONSTANT_CONVERSION = YES;
				CLANG_WARN_DEPRECATED_OBJC_IMPLEMENTATIONS = YES;
				CLANG_WARN_DIRECT_OBJC_ISA_USAGE = YES_ERROR;
				CLANG_WARN_DOCUMENTATION_COMMENTS = YES;
				CLANG_WARN_EMPTY_BODY = YES;
				CLANG_WARN_ENUM_CONVERSION = YES;
				CLANG_WARN_INFINITE_RECURSION = YES;
				CLANG_WARN_INT_CONVERSION = YES;
				CLANG_WARN_NON_LITERAL_NULL_CONVERSION = YES;
				CLANG_WARN_OBJC_IMPLICIT_RETAIN_SELF = YES;
				CLANG_WARN_OBJC_LITERAL_CONVERSION = YES;
				CLANG_WARN_OBJC_ROOT_CLASS = YES_ERROR;
				CLANG_WARN_QUOTED_INCLUDE_IN_FRAMEWORK_HEADER = YES;
				CLANG_WARN_RANGE_LOOP_ANALYSIS = YES;
				CLANG_WARN_STRICT_PROTOTYPES = YES;
				CLANG_WARN_SUSPICIOUS_MOVE = YES;
				CLANG_WARN_UNGUARDED_AVAILABILITY = YES_AGGRESSIVE;
				CLANG_WARN_UNREACHABLE_CODE = YES;
				CLANG_WARN__DUPLICATE_METHOD_MATCH = YES;
				COPY_PHASE_STRIP = NO;
				DEBUG_INFORMATION_FORMAT = dwarf;
				ENABLE_STRICT_OBJC_MSGSEND = YES;
				ENABLE_TESTABILITY = YES;
				ENABLE_USER_SCRIPT_SANDBOXING = YES;
				GCC_C_LANGUAGE_STANDARD = gnu17;
				GCC_DYNAMIC_NO_PIC = NO;
				GCC_NO_COMMON_BLOCKS = YES;
				GCC_OPTIMIZATION_LEVEL = 0;
				GCC_PREPROCESSOR_DEFINITIONS = (
					"DEBUG=1",
					"$(inherited)",
				);
				GCC_WARN_64_TO_32_BIT_CONVERSION = YES;
				GCC_WARN_ABOUT_RETURN_TYPE = YES_ERROR;
				GCC_WARN_UNDECLARED_SELECTOR = YES;
				GCC_WARN_UNINITIALIZED_AUTOS = YES_AGGRESSIVE;
				GCC_WARN_UNUSED_FUNCTION = YES;
				GCC_WARN_UNUSED_VARIABLE = YES;
				IPHONEOS_DEPLOYMENT_TARGET = 17.5;
				LOCALIZATION_PREFERS_STRING_CATALOGS = YES;
				MTL_ENABLE_DEBUG_INFO = INCLUDE_SOURCE;
				MTL_FAST_MATH = YES;
				ONLY_ACTIVE_ARCH = YES;
				SDKROOT = iphoneos;
				SWIFT_ACTIVE_COMPILATION_CONDITIONS = "DEBUG $(inherited)";
				SWIFT_OPTIMIZATION_LEVEL = "-Onone";
			};
			name = Debug;
		};
		408E9AF52C2219B500E1EF92 /* Release */ = {
			isa = XCBuildConfiguration;
			buildSettings = {
				ALWAYS_SEARCH_USER_PATHS = NO;
				ASSETCATALOG_COMPILER_GENERATE_SWIFT_ASSET_SYMBOL_EXTENSIONS = YES;
				CLANG_ANALYZER_NONNULL = YES;
				CLANG_ANALYZER_NUMBER_OBJECT_CONVERSION = YES_AGGRESSIVE;
				CLANG_CXX_LANGUAGE_STANDARD = "gnu++20";
				CLANG_ENABLE_MODULES = YES;
				CLANG_ENABLE_OBJC_ARC = YES;
				CLANG_ENABLE_OBJC_WEAK = YES;
				CLANG_WARN_BLOCK_CAPTURE_AUTORELEASING = YES;
				CLANG_WARN_BOOL_CONVERSION = YES;
				CLANG_WARN_COMMA = YES;
				CLANG_WARN_CONSTANT_CONVERSION = YES;
				CLANG_WARN_DEPRECATED_OBJC_IMPLEMENTATIONS = YES;
				CLANG_WARN_DIRECT_OBJC_ISA_USAGE = YES_ERROR;
				CLANG_WARN_DOCUMENTATION_COMMENTS = YES;
				CLANG_WARN_EMPTY_BODY = YES;
				CLANG_WARN_ENUM_CONVERSION = YES;
				CLANG_WARN_INFINITE_RECURSION = YES;
				CLANG_WARN_INT_CONVERSION = YES;
				CLANG_WARN_NON_LITERAL_NULL_CONVERSION = YES;
				CLANG_WARN_OBJC_IMPLICIT_RETAIN_SELF = YES;
				CLANG_WARN_OBJC_LITERAL_CONVERSION = YES;
				CLANG_WARN_OBJC_ROOT_CLASS = YES_ERROR;
				CLANG_WARN_QUOTED_INCLUDE_IN_FRAMEWORK_HEADER = YES;
				CLANG_WARN_RANGE_LOOP_ANALYSIS = YES;
				CLANG_WARN_STRICT_PROTOTYPES = YES;
				CLANG_WARN_SUSPICIOUS_MOVE = YES;
				CLANG_WARN_UNGUARDED_AVAILABILITY = YES_AGGRESSIVE;
				CLANG_WARN_UNREACHABLE_CODE = YES;
				CLANG_WARN__DUPLICATE_METHOD_MATCH = YES;
				COPY_PHASE_STRIP = NO;
				DEBUG_INFORMATION_FORMAT = "dwarf-with-dsym";
				ENABLE_NS_ASSERTIONS = NO;
				ENABLE_STRICT_OBJC_MSGSEND = YES;
				ENABLE_USER_SCRIPT_SANDBOXING = YES;
				GCC_C_LANGUAGE_STANDARD = gnu17;
				GCC_NO_COMMON_BLOCKS = YES;
				GCC_WARN_64_TO_32_BIT_CONVERSION = YES;
				GCC_WARN_ABOUT_RETURN_TYPE = YES_ERROR;
				GCC_WARN_UNDECLARED_SELECTOR = YES;
				GCC_WARN_UNINITIALIZED_AUTOS = YES_AGGRESSIVE;
				GCC_WARN_UNUSED_FUNCTION = YES;
				GCC_WARN_UNUSED_VARIABLE = YES;
				IPHONEOS_DEPLOYMENT_TARGET = 17.5;
				LOCALIZATION_PREFERS_STRING_CATALOGS = YES;
				MTL_ENABLE_DEBUG_INFO = NO;
				MTL_FAST_MATH = YES;
				SDKROOT = iphoneos;
				SWIFT_COMPILATION_MODE = wholemodule;
				VALIDATE_PRODUCT = YES;
			};
			name = Release;
		};
		408E9AF72C2219B500E1EF92 /* Debug */ = {
			isa = XCBuildConfiguration;
			buildSettings = {
				ASSETCATALOG_COMPILER_APPICON_NAME = AppIcon;
				ASSETCATALOG_COMPILER_GLOBAL_ACCENT_COLOR_NAME = AccentColor;
				CODE_SIGN_STYLE = Automatic;
				CURRENT_PROJECT_VERSION = 1;
				DEVELOPMENT_ASSET_PATHS = "\"Upcoming/Preview Content\"";
				ENABLE_PREVIEWS = YES;
				GENERATE_INFOPLIST_FILE = YES;
				INFOPLIST_KEY_UIApplicationSceneManifest_Generation = YES;
				INFOPLIST_KEY_UIApplicationSupportsIndirectInputEvents = YES;
				INFOPLIST_KEY_UILaunchScreen_Generation = YES;
				INFOPLIST_KEY_UISupportedInterfaceOrientations_iPad = "UIInterfaceOrientationPortrait UIInterfaceOrientationPortraitUpsideDown UIInterfaceOrientationLandscapeLeft UIInterfaceOrientationLandscapeRight";
				INFOPLIST_KEY_UISupportedInterfaceOrientations_iPhone = "UIInterfaceOrientationPortrait UIInterfaceOrientationLandscapeLeft UIInterfaceOrientationLandscapeRight";
				LD_RUNPATH_SEARCH_PATHS = (
					"$(inherited)",
					"@executable_path/Frameworks",
				);
				MARKETING_VERSION = 1.0;
				PRODUCT_BUNDLE_IDENTIFIER = ValdiviaWorks.Upcoming;
				PRODUCT_NAME = "$(TARGET_NAME)";
				SWIFT_EMIT_LOC_STRINGS = YES;
				SWIFT_VERSION = 5.0;
				TARGETED_DEVICE_FAMILY = "1,2";
			};
			name = Debug;
		};
		408E9AF82C2219B500E1EF92 /* Release */ = {
			isa = XCBuildConfiguration;
			buildSettings = {
				ASSETCATALOG_COMPILER_APPICON_NAME = AppIcon;
				ASSETCATALOG_COMPILER_GLOBAL_ACCENT_COLOR_NAME = AccentColor;
				CODE_SIGN_STYLE = Automatic;
				CURRENT_PROJECT_VERSION = 1;
				DEVELOPMENT_ASSET_PATHS = "\"Upcoming/Preview Content\"";
				ENABLE_PREVIEWS = YES;
				GENERATE_INFOPLIST_FILE = YES;
				INFOPLIST_KEY_UIApplicationSceneManifest_Generation = YES;
				INFOPLIST_KEY_UIApplicationSupportsIndirectInputEvents = YES;
				INFOPLIST_KEY_UILaunchScreen_Generation = YES;
				INFOPLIST_KEY_UISupportedInterfaceOrientations_iPad = "UIInterfaceOrientationPortrait UIInterfaceOrientationPortraitUpsideDown UIInterfaceOrientationLandscapeLeft UIInterfaceOrientationLandscapeRight";
				INFOPLIST_KEY_UISupportedInterfaceOrientations_iPhone = "UIInterfaceOrientationPortrait UIInterfaceOrientationLandscapeLeft UIInterfaceOrientationLandscapeRight";
				LD_RUNPATH_SEARCH_PATHS = (
					"$(inherited)",
					"@executable_path/Frameworks",
				);
				MARKETING_VERSION = 1.0;
				PRODUCT_BUNDLE_IDENTIFIER = ValdiviaWorks.Upcoming;
				PRODUCT_NAME = "$(TARGET_NAME)";
				SWIFT_EMIT_LOC_STRINGS = YES;
				SWIFT_VERSION = 5.0;
				TARGETED_DEVICE_FAMILY = "1,2";
			};
			name = Release;
		};
		408E9AFA2C2219B500E1EF92 /* Debug */ = {
			isa = XCBuildConfiguration;
			buildSettings = {
				ALWAYS_EMBED_SWIFT_STANDARD_LIBRARIES = YES;
				BUNDLE_LOADER = "$(TEST_HOST)";
				CODE_SIGN_STYLE = Automatic;
				CURRENT_PROJECT_VERSION = 1;
				GENERATE_INFOPLIST_FILE = YES;
				IPHONEOS_DEPLOYMENT_TARGET = 17.5;
				MARKETING_VERSION = 1.0;
				PRODUCT_BUNDLE_IDENTIFIER = ValdiviaWorks.UpcomingTests;
				PRODUCT_NAME = "$(TARGET_NAME)";
				SWIFT_EMIT_LOC_STRINGS = NO;
				SWIFT_VERSION = 5.0;
				TARGETED_DEVICE_FAMILY = "1,2";
				TEST_HOST = "$(BUILT_PRODUCTS_DIR)/Upcoming.app/$(BUNDLE_EXECUTABLE_FOLDER_PATH)/Upcoming";
			};
			name = Debug;
		};
		408E9AFB2C2219B500E1EF92 /* Release */ = {
			isa = XCBuildConfiguration;
			buildSettings = {
				ALWAYS_EMBED_SWIFT_STANDARD_LIBRARIES = YES;
				BUNDLE_LOADER = "$(TEST_HOST)";
				CODE_SIGN_STYLE = Automatic;
				CURRENT_PROJECT_VERSION = 1;
				GENERATE_INFOPLIST_FILE = YES;
				IPHONEOS_DEPLOYMENT_TARGET = 17.5;
				MARKETING_VERSION = 1.0;
				PRODUCT_BUNDLE_IDENTIFIER = ValdiviaWorks.UpcomingTests;
				PRODUCT_NAME = "$(TARGET_NAME)";
				SWIFT_EMIT_LOC_STRINGS = NO;
				SWIFT_VERSION = 5.0;
				TARGETED_DEVICE_FAMILY = "1,2";
				TEST_HOST = "$(BUILT_PRODUCTS_DIR)/Upcoming.app/$(BUNDLE_EXECUTABLE_FOLDER_PATH)/Upcoming";
			};
			name = Release;
		};
		408E9AFD2C2219B500E1EF92 /* Debug */ = {
			isa = XCBuildConfiguration;
			buildSettings = {
				ALWAYS_EMBED_SWIFT_STANDARD_LIBRARIES = YES;
				CODE_SIGN_STYLE = Automatic;
				CURRENT_PROJECT_VERSION = 1;
				GENERATE_INFOPLIST_FILE = YES;
				MARKETING_VERSION = 1.0;
				PRODUCT_BUNDLE_IDENTIFIER = ValdiviaWorks.UpcomingUITests;
				PRODUCT_NAME = "$(TARGET_NAME)";
				SWIFT_EMIT_LOC_STRINGS = NO;
				SWIFT_VERSION = 5.0;
				TARGETED_DEVICE_FAMILY = "1,2";
				TEST_TARGET_NAME = Upcoming;
			};
			name = Debug;
		};
		408E9AFE2C2219B500E1EF92 /* Release */ = {
			isa = XCBuildConfiguration;
			buildSettings = {
				ALWAYS_EMBED_SWIFT_STANDARD_LIBRARIES = YES;
				CODE_SIGN_STYLE = Automatic;
				CURRENT_PROJECT_VERSION = 1;
				GENERATE_INFOPLIST_FILE = YES;
				MARKETING_VERSION = 1.0;
				PRODUCT_BUNDLE_IDENTIFIER = ValdiviaWorks.UpcomingUITests;
				PRODUCT_NAME = "$(TARGET_NAME)";
				SWIFT_EMIT_LOC_STRINGS = NO;
				SWIFT_VERSION = 5.0;
				TARGETED_DEVICE_FAMILY = "1,2";
				TEST_TARGET_NAME = Upcoming;
			};
			name = Release;
		};
/* End XCBuildConfiguration section */

/* Begin XCConfigurationList section */
		408E9ACD2C2219B400E1EF92 /* Build configuration list for PBXProject "Upcoming" */ = {
			isa = XCConfigurationList;
			buildConfigurations = (
				408E9AF42C2219B500E1EF92 /* Debug */,
				408E9AF52C2219B500E1EF92 /* Release */,
			);
			defaultConfigurationIsVisible = 0;
			defaultConfigurationName = Release;
		};
		408E9AF62C2219B500E1EF92 /* Build configuration list for PBXNativeTarget "Upcoming" */ = {
			isa = XCConfigurationList;
			buildConfigurations = (
				408E9AF72C2219B500E1EF92 /* Debug */,
				408E9AF82C2219B500E1EF92 /* Release */,
			);
			defaultConfigurationIsVisible = 0;
			defaultConfigurationName = Release;
		};
		408E9AF92C2219B500E1EF92 /* Build configuration list for PBXNativeTarget "UpcomingTests" */ = {
			isa = XCConfigurationList;
			buildConfigurations = (
				408E9AFA2C2219B500E1EF92 /* Debug */,
				408E9AFB2C2219B500E1EF92 /* Release */,
			);
			defaultConfigurationIsVisible = 0;
			defaultConfigurationName = Release;
		};
		408E9AFC2C2219B500E1EF92 /* Build configuration list for PBXNativeTarget "UpcomingUITests" */ = {
			isa = XCConfigurationList;
			buildConfigurations = (
				408E9AFD2C2219B500E1EF92 /* Debug */,
				408E9AFE2C2219B500E1EF92 /* Release */,
			);
			defaultConfigurationIsVisible = 0;
			defaultConfigurationName = Release;
		};
/* End XCConfigurationList section */
	};
	rootObject = 408E9ACA2C2219B400E1EF92 /* Project object */;
}
