// !$*UTF8*$!
{
	archiveVersion = 1;
	classes = {
	};
	objectVersion = 56;
	objects = {

/* Begin PBXBuildFile section */
		4011A1522C3CE97D00F275DE /* EventForm.swift in Sources */ = {isa = PBXBuildFile; fileRef = 4011A1512C3CE97D00F275DE /* EventForm.swift */; };
		4038EA9E2C33832400E0CE8E /* EventLoader.swift in Sources */ = {isa = PBXBuildFile; fileRef = 4038EA9D2C33832400E0CE8E /* EventLoader.swift */; };
		4038EA9F2C33832400E0CE8E /* EventLoader.swift in Sources */ = {isa = PBXBuildFile; fileRef = 4038EA9D2C33832400E0CE8E /* EventLoader.swift */; };
		403EA2F32C2F69EE003207ED /* FontModifier.swift in Sources */ = {isa = PBXBuildFile; fileRef = 403EA2F22C2F69EE003207ED /* FontModifier.swift */; };
		40549BC22C290E9300DA0EB6 /* PastEventsView.swift in Sources */ = {isa = PBXBuildFile; fileRef = 40549BC12C290E9300DA0EB6 /* PastEventsView.swift */; };
		405920DD2C23B862008A9CF2 /* WidgetKit.framework in Frameworks */ = {isa = PBXBuildFile; fileRef = 405920A72C236123008A9CF2 /* WidgetKit.framework */; };
		405920DE2C23B862008A9CF2 /* SwiftUI.framework in Frameworks */ = {isa = PBXBuildFile; fileRef = 405920A92C236123008A9CF2 /* SwiftUI.framework */; };
		405920E12C23B862008A9CF2 /* UpNextWidgetBundle.swift in Sources */ = {isa = PBXBuildFile; fileRef = 405920E02C23B862008A9CF2 /* UpNextWidgetBundle.swift */; };
		405920E32C23B862008A9CF2 /* UpNextWidgetLiveActivity.swift in Sources */ = {isa = PBXBuildFile; fileRef = 405920E22C23B862008A9CF2 /* UpNextWidgetLiveActivity.swift */; };
		405920E52C23B862008A9CF2 /* UpNextWidget.swift in Sources */ = {isa = PBXBuildFile; fileRef = 405920E42C23B862008A9CF2 /* UpNextWidget.swift */; };
		405920E72C23B862008A9CF2 /* AppIntent.swift in Sources */ = {isa = PBXBuildFile; fileRef = 405920E62C23B862008A9CF2 /* AppIntent.swift */; };
		405920E92C23B863008A9CF2 /* Assets.xcassets in Resources */ = {isa = PBXBuildFile; fileRef = 405920E82C23B863008A9CF2 /* Assets.xcassets */; };
		405920ED2C23B863008A9CF2 /* UpNextWidgetExtension.appex in Embed Foundation Extensions */ = {isa = PBXBuildFile; fileRef = 405920DC2C23B862008A9CF2 /* UpNextWidgetExtension.appex */; settings = {ATTRIBUTES = (RemoveHeadersOnCopy, ); }; };
		405F66792C33A5C4003C9DC4 /* AddEventButton.swift in Sources */ = {isa = PBXBuildFile; fileRef = 405F66782C33A5C4003C9DC4 /* AddEventButton.swift */; };
		405F667B2C33A651003C9DC4 /* CircleButton.swift in Sources */ = {isa = PBXBuildFile; fileRef = 405F667A2C33A651003C9DC4 /* CircleButton.swift */; };
		4061918B2C38FAA100BC3D4A /* SettingsView.swift in Sources */ = {isa = PBXBuildFile; fileRef = 406191892C38FA6700BC3D4A /* SettingsView.swift */; };
		4061918C2C38FAA200BC3D4A /* SettingsView.swift in Sources */ = {isa = PBXBuildFile; fileRef = 406191892C38FA6700BC3D4A /* SettingsView.swift */; };
		40790D722C23286B005DDC65 /* Up_NextApp.swift in Sources */ = {isa = PBXBuildFile; fileRef = 40790D712C23286B005DDC65 /* Up_NextApp.swift */; };
		40790D742C23286B005DDC65 /* ContentView.swift in Sources */ = {isa = PBXBuildFile; fileRef = 40790D732C23286B005DDC65 /* ContentView.swift */; };
		40790D762C23286C005DDC65 /* Assets.xcassets in Resources */ = {isa = PBXBuildFile; fileRef = 40790D752C23286C005DDC65 /* Assets.xcassets */; };
		40790D792C23286C005DDC65 /* Preview Assets.xcassets in Resources */ = {isa = PBXBuildFile; fileRef = 40790D782C23286C005DDC65 /* Preview Assets.xcassets */; };
		40790D832C23286C005DDC65 /* Up_NextTests.swift in Sources */ = {isa = PBXBuildFile; fileRef = 40790D822C23286C005DDC65 /* Up_NextTests.swift */; };
		40790D8D2C23286C005DDC65 /* Up_NextUITests.swift in Sources */ = {isa = PBXBuildFile; fileRef = 40790D8C2C23286C005DDC65 /* Up_NextUITests.swift */; };
		40790D8F2C23286C005DDC65 /* Up_NextUITestsLaunchTests.swift in Sources */ = {isa = PBXBuildFile; fileRef = 40790D8E2C23286C005DDC65 /* Up_NextUITestsLaunchTests.swift */; };
		409726482C2DE2CB0050988E /* CategoryPillsView.swift in Sources */ = {isa = PBXBuildFile; fileRef = 409726472C2DE2CB0050988E /* CategoryPillsView.swift */; };
		40E9844E2C2A0F38007FE92D /* AppData.swift in Sources */ = {isa = PBXBuildFile; fileRef = 40FEEC482C291558008AA61D /* AppData.swift */; };
		40E9844F2C2A1A06007FE92D /* Utilities.swift in Sources */ = {isa = PBXBuildFile; fileRef = 40FEEC4A2C2919E0008AA61D /* Utilities.swift */; };
		40E984502C2A1C6D007FE92D /* CategoriesView.swift in Sources */ = {isa = PBXBuildFile; fileRef = 40FEEC462C2911DD008AA61D /* CategoriesView.swift */; };
		40FEEC472C2911DD008AA61D /* CategoriesView.swift in Sources */ = {isa = PBXBuildFile; fileRef = 40FEEC462C2911DD008AA61D /* CategoriesView.swift */; };
		40FEEC492C291558008AA61D /* AppData.swift in Sources */ = {isa = PBXBuildFile; fileRef = 40FEEC482C291558008AA61D /* AppData.swift */; };
		40FEEC4B2C2919E0008AA61D /* Utilities.swift in Sources */ = {isa = PBXBuildFile; fileRef = 40FEEC4A2C2919E0008AA61D /* Utilities.swift */; };
		40FEEC4D2C291BA0008AA61D /* EventRow.swift in Sources */ = {isa = PBXBuildFile; fileRef = 40FEEC4C2C291BA0008AA61D /* EventRow.swift */; };
		40FEEC512C292612008AA61D /* AddEventView.swift in Sources */ = {isa = PBXBuildFile; fileRef = 40FEEC502C292612008AA61D /* AddEventView.swift */; };
		40FEEC532C292617008AA61D /* EditEventView.swift in Sources */ = {isa = PBXBuildFile; fileRef = 40FEEC522C292617008AA61D /* EditEventView.swift */; };
/* End PBXBuildFile section */

/* Begin PBXContainerItemProxy section */
		405920EB2C23B863008A9CF2 /* PBXContainerItemProxy */ = {
			isa = PBXContainerItemProxy;
			containerPortal = 40790D662C23286B005DDC65 /* Project object */;
			proxyType = 1;
			remoteGlobalIDString = 405920DB2C23B862008A9CF2;
			remoteInfo = UpNextWidgetExtension;
		};
		40790D7F2C23286C005DDC65 /* PBXContainerItemProxy */ = {
			isa = PBXContainerItemProxy;
			containerPortal = 40790D662C23286B005DDC65 /* Project object */;
			proxyType = 1;
			remoteGlobalIDString = 40790D6D2C23286B005DDC65;
			remoteInfo = "Up Next";
		};
		40790D892C23286C005DDC65 /* PBXContainerItemProxy */ = {
			isa = PBXContainerItemProxy;
			containerPortal = 40790D662C23286B005DDC65 /* Project object */;
			proxyType = 1;
			remoteGlobalIDString = 40790D6D2C23286B005DDC65;
			remoteInfo = "Up Next";
		};
/* End PBXContainerItemProxy section */

/* Begin PBXCopyFilesBuildPhase section */
		405920BA2C236124008A9CF2 /* Embed Foundation Extensions */ = {
			isa = PBXCopyFilesBuildPhase;
			buildActionMask = 2147483647;
			dstPath = "";
			dstSubfolderSpec = 13;
			files = (
				405920ED2C23B863008A9CF2 /* UpNextWidgetExtension.appex in Embed Foundation Extensions */,
			);
			name = "Embed Foundation Extensions";
			runOnlyForDeploymentPostprocessing = 0;
		};
/* End PBXCopyFilesBuildPhase section */

/* Begin PBXFileReference section */
		4011A1512C3CE97D00F275DE /* EventForm.swift */ = {isa = PBXFileReference; lastKnownFileType = sourcecode.swift; path = EventForm.swift; sourceTree = "<group>"; };
		4038EA9D2C33832400E0CE8E /* EventLoader.swift */ = {isa = PBXFileReference; lastKnownFileType = sourcecode.swift; path = EventLoader.swift; sourceTree = "<group>"; };
		403EA2F22C2F69EE003207ED /* FontModifier.swift */ = {isa = PBXFileReference; lastKnownFileType = sourcecode.swift; path = FontModifier.swift; sourceTree = "<group>"; };
		40549BC12C290E9300DA0EB6 /* PastEventsView.swift */ = {isa = PBXFileReference; lastKnownFileType = sourcecode.swift; path = PastEventsView.swift; sourceTree = "<group>"; };
		405920A72C236123008A9CF2 /* WidgetKit.framework */ = {isa = PBXFileReference; lastKnownFileType = wrapper.framework; name = WidgetKit.framework; path = System/Library/Frameworks/WidgetKit.framework; sourceTree = SDKROOT; };
		405920A92C236123008A9CF2 /* SwiftUI.framework */ = {isa = PBXFileReference; lastKnownFileType = wrapper.framework; name = SwiftUI.framework; path = System/Library/Frameworks/SwiftUI.framework; sourceTree = SDKROOT; };
		405920DC2C23B862008A9CF2 /* UpNextWidgetExtension.appex */ = {isa = PBXFileReference; explicitFileType = "wrapper.app-extension"; includeInIndex = 0; path = UpNextWidgetExtension.appex; sourceTree = BUILT_PRODUCTS_DIR; };
		405920E02C23B862008A9CF2 /* UpNextWidgetBundle.swift */ = {isa = PBXFileReference; lastKnownFileType = sourcecode.swift; path = UpNextWidgetBundle.swift; sourceTree = "<group>"; };
		405920E22C23B862008A9CF2 /* UpNextWidgetLiveActivity.swift */ = {isa = PBXFileReference; lastKnownFileType = sourcecode.swift; path = UpNextWidgetLiveActivity.swift; sourceTree = "<group>"; };
		405920E42C23B862008A9CF2 /* UpNextWidget.swift */ = {isa = PBXFileReference; lastKnownFileType = sourcecode.swift; path = UpNextWidget.swift; sourceTree = "<group>"; };
		405920E62C23B862008A9CF2 /* AppIntent.swift */ = {isa = PBXFileReference; lastKnownFileType = sourcecode.swift; path = AppIntent.swift; sourceTree = "<group>"; };
		405920E82C23B863008A9CF2 /* Assets.xcassets */ = {isa = PBXFileReference; lastKnownFileType = folder.assetcatalog; path = Assets.xcassets; sourceTree = "<group>"; };
		405920EA2C23B863008A9CF2 /* Info.plist */ = {isa = PBXFileReference; lastKnownFileType = text.plist.xml; path = Info.plist; sourceTree = "<group>"; };
		405920F12C23B87A008A9CF2 /* Up Next.entitlements */ = {isa = PBXFileReference; lastKnownFileType = text.plist.entitlements; path = "Up Next.entitlements"; sourceTree = "<group>"; };
		405920F22C23B887008A9CF2 /* UpNextWidgetExtension.entitlements */ = {isa = PBXFileReference; lastKnownFileType = text.plist.entitlements; path = UpNextWidgetExtension.entitlements; sourceTree = SOURCE_ROOT; };
		405F66782C33A5C4003C9DC4 /* AddEventButton.swift */ = {isa = PBXFileReference; lastKnownFileType = sourcecode.swift; path = AddEventButton.swift; sourceTree = "<group>"; };
		405F667A2C33A651003C9DC4 /* CircleButton.swift */ = {isa = PBXFileReference; lastKnownFileType = sourcecode.swift; path = CircleButton.swift; sourceTree = "<group>"; };
		406191892C38FA6700BC3D4A /* SettingsView.swift */ = {isa = PBXFileReference; lastKnownFileType = sourcecode.swift; path = SettingsView.swift; sourceTree = "<group>"; };
		40790D6E2C23286B005DDC65 /* Up Next.app */ = {isa = PBXFileReference; explicitFileType = wrapper.application; includeInIndex = 0; path = "Up Next.app"; sourceTree = BUILT_PRODUCTS_DIR; };
		40790D712C23286B005DDC65 /* Up_NextApp.swift */ = {isa = PBXFileReference; lastKnownFileType = sourcecode.swift; path = Up_NextApp.swift; sourceTree = "<group>"; };
		40790D732C23286B005DDC65 /* ContentView.swift */ = {isa = PBXFileReference; lastKnownFileType = sourcecode.swift; path = ContentView.swift; sourceTree = "<group>"; };
		40790D752C23286C005DDC65 /* Assets.xcassets */ = {isa = PBXFileReference; lastKnownFileType = folder.assetcatalog; path = Assets.xcassets; sourceTree = "<group>"; };
		40790D782C23286C005DDC65 /* Preview Assets.xcassets */ = {isa = PBXFileReference; lastKnownFileType = folder.assetcatalog; path = "Preview Assets.xcassets"; sourceTree = "<group>"; };
		40790D7E2C23286C005DDC65 /* Up NextTests.xctest */ = {isa = PBXFileReference; explicitFileType = wrapper.cfbundle; includeInIndex = 0; path = "Up NextTests.xctest"; sourceTree = BUILT_PRODUCTS_DIR; };
		40790D822C23286C005DDC65 /* Up_NextTests.swift */ = {isa = PBXFileReference; lastKnownFileType = sourcecode.swift; path = Up_NextTests.swift; sourceTree = "<group>"; };
		40790D882C23286C005DDC65 /* Up NextUITests.xctest */ = {isa = PBXFileReference; explicitFileType = wrapper.cfbundle; includeInIndex = 0; path = "Up NextUITests.xctest"; sourceTree = BUILT_PRODUCTS_DIR; };
		40790D8C2C23286C005DDC65 /* Up_NextUITests.swift */ = {isa = PBXFileReference; lastKnownFileType = sourcecode.swift; path = Up_NextUITests.swift; sourceTree = "<group>"; };
		40790D8E2C23286C005DDC65 /* Up_NextUITestsLaunchTests.swift */ = {isa = PBXFileReference; lastKnownFileType = sourcecode.swift; path = Up_NextUITestsLaunchTests.swift; sourceTree = "<group>"; };
		409726472C2DE2CB0050988E /* CategoryPillsView.swift */ = {isa = PBXFileReference; lastKnownFileType = sourcecode.swift; path = CategoryPillsView.swift; sourceTree = "<group>"; };
		40A70B2A2C40DB380080132E /* Almanac Calendar Pro.storekit */ = {isa = PBXFileReference; lastKnownFileType = text; path = "Almanac Calendar Pro.storekit"; sourceTree = "<group>"; };
		40FEEC462C2911DD008AA61D /* CategoriesView.swift */ = {isa = PBXFileReference; lastKnownFileType = sourcecode.swift; path = CategoriesView.swift; sourceTree = "<group>"; };
		40FEEC482C291558008AA61D /* AppData.swift */ = {isa = PBXFileReference; lastKnownFileType = sourcecode.swift; path = AppData.swift; sourceTree = "<group>"; };
		40FEEC4A2C2919E0008AA61D /* Utilities.swift */ = {isa = PBXFileReference; lastKnownFileType = sourcecode.swift; path = Utilities.swift; sourceTree = "<group>"; };
		40FEEC4C2C291BA0008AA61D /* EventRow.swift */ = {isa = PBXFileReference; lastKnownFileType = sourcecode.swift; path = EventRow.swift; sourceTree = "<group>"; };
		40FEEC502C292612008AA61D /* AddEventView.swift */ = {isa = PBXFileReference; lastKnownFileType = sourcecode.swift; path = AddEventView.swift; sourceTree = "<group>"; };
		40FEEC522C292617008AA61D /* EditEventView.swift */ = {isa = PBXFileReference; lastKnownFileType = sourcecode.swift; path = EditEventView.swift; sourceTree = "<group>"; };
/* End PBXFileReference section */

/* Begin PBXFrameworksBuildPhase section */
		405920D92C23B862008A9CF2 /* Frameworks */ = {
			isa = PBXFrameworksBuildPhase;
			buildActionMask = 2147483647;
			files = (
				405920DE2C23B862008A9CF2 /* SwiftUI.framework in Frameworks */,
				405920DD2C23B862008A9CF2 /* WidgetKit.framework in Frameworks */,
			);
			runOnlyForDeploymentPostprocessing = 0;
		};
		40790D6B2C23286B005DDC65 /* Frameworks */ = {
			isa = PBXFrameworksBuildPhase;
			buildActionMask = 2147483647;
			files = (
			);
			runOnlyForDeploymentPostprocessing = 0;
		};
		40790D7B2C23286C005DDC65 /* Frameworks */ = {
			isa = PBXFrameworksBuildPhase;
			buildActionMask = 2147483647;
			files = (
			);
			runOnlyForDeploymentPostprocessing = 0;
		};
		40790D852C23286C005DDC65 /* Frameworks */ = {
			isa = PBXFrameworksBuildPhase;
			buildActionMask = 2147483647;
			files = (
			);
			runOnlyForDeploymentPostprocessing = 0;
		};
/* End PBXFrameworksBuildPhase section */

/* Begin PBXGroup section */
		405920A62C236123008A9CF2 /* Frameworks */ = {
			isa = PBXGroup;
			children = (
				405920A72C236123008A9CF2 /* WidgetKit.framework */,
				405920A92C236123008A9CF2 /* SwiftUI.framework */,
			);
			name = Frameworks;
			sourceTree = "<group>";
		};
		405920DF2C23B862008A9CF2 /* UpNextWidget */ = {
			isa = PBXGroup;
			children = (
				405920E02C23B862008A9CF2 /* UpNextWidgetBundle.swift */,
				405920E22C23B862008A9CF2 /* UpNextWidgetLiveActivity.swift */,
				405920E42C23B862008A9CF2 /* UpNextWidget.swift */,
				4038EA9D2C33832400E0CE8E /* EventLoader.swift */,
				405920E62C23B862008A9CF2 /* AppIntent.swift */,
				405920E82C23B863008A9CF2 /* Assets.xcassets */,
				405920EA2C23B863008A9CF2 /* Info.plist */,
			);
			path = UpNextWidget;
			sourceTree = "<group>";
		};
		40790D652C23286B005DDC65 = {
			isa = PBXGroup;
			children = (
				405920F22C23B887008A9CF2 /* UpNextWidgetExtension.entitlements */,
				40A70B2A2C40DB380080132E /* Almanac Calendar Pro.storekit */,
				40790D702C23286B005DDC65 /* Up Next */,
				40790D812C23286C005DDC65 /* Up NextTests */,
				40790D8B2C23286C005DDC65 /* Up NextUITests */,
				405920DF2C23B862008A9CF2 /* UpNextWidget */,
				405920A62C236123008A9CF2 /* Frameworks */,
				40790D6F2C23286B005DDC65 /* Products */,
			);
			sourceTree = "<group>";
		};
		40790D6F2C23286B005DDC65 /* Products */ = {
			isa = PBXGroup;
			children = (
				40790D6E2C23286B005DDC65 /* Up Next.app */,
				40790D7E2C23286C005DDC65 /* Up NextTests.xctest */,
				40790D882C23286C005DDC65 /* Up NextUITests.xctest */,
				405920DC2C23B862008A9CF2 /* UpNextWidgetExtension.appex */,
			);
			name = Products;
			sourceTree = "<group>";
		};
		40790D702C23286B005DDC65 /* Up Next */ = {
			isa = PBXGroup;
			children = (
				405920F12C23B87A008A9CF2 /* Up Next.entitlements */,
				40790D712C23286B005DDC65 /* Up_NextApp.swift */,
				40790D732C23286B005DDC65 /* ContentView.swift */,
				406191892C38FA6700BC3D4A /* SettingsView.swift */,
				405F667A2C33A651003C9DC4 /* CircleButton.swift */,
				405F66782C33A5C4003C9DC4 /* AddEventButton.swift */,
				403EA2F22C2F69EE003207ED /* FontModifier.swift */,
				409726472C2DE2CB0050988E /* CategoryPillsView.swift */,
				40FEEC502C292612008AA61D /* AddEventView.swift */,
				40FEEC522C292617008AA61D /* EditEventView.swift */,
				40FEEC482C291558008AA61D /* AppData.swift */,
				40FEEC462C2911DD008AA61D /* CategoriesView.swift */,
				40549BC12C290E9300DA0EB6 /* PastEventsView.swift */,
				40790D752C23286C005DDC65 /* Assets.xcassets */,
				40790D772C23286C005DDC65 /* Preview Content */,
				40FEEC4A2C2919E0008AA61D /* Utilities.swift */,
				40FEEC4C2C291BA0008AA61D /* EventRow.swift */,
				4011A1512C3CE97D00F275DE /* EventForm.swift */,
			);
			path = "Up Next";
			sourceTree = "<group>";
		};
		40790D772C23286C005DDC65 /* Preview Content */ = {
			isa = PBXGroup;
			children = (
				40790D782C23286C005DDC65 /* Preview Assets.xcassets */,
			);
			path = "Preview Content";
			sourceTree = "<group>";
		};
		40790D812C23286C005DDC65 /* Up NextTests */ = {
			isa = PBXGroup;
			children = (
				40790D822C23286C005DDC65 /* Up_NextTests.swift */,
			);
			path = "Up NextTests";
			sourceTree = "<group>";
		};
		40790D8B2C23286C005DDC65 /* Up NextUITests */ = {
			isa = PBXGroup;
			children = (
				40790D8C2C23286C005DDC65 /* Up_NextUITests.swift */,
				40790D8E2C23286C005DDC65 /* Up_NextUITestsLaunchTests.swift */,
			);
			path = "Up NextUITests";
			sourceTree = "<group>";
		};
/* End PBXGroup section */

/* Begin PBXNativeTarget section */
		405920DB2C23B862008A9CF2 /* UpNextWidgetExtension */ = {
			isa = PBXNativeTarget;
			buildConfigurationList = 405920EE2C23B863008A9CF2 /* Build configuration list for PBXNativeTarget "UpNextWidgetExtension" */;
			buildPhases = (
				405920D82C23B862008A9CF2 /* Sources */,
				405920D92C23B862008A9CF2 /* Frameworks */,
				405920DA2C23B862008A9CF2 /* Resources */,
			);
			buildRules = (
			);
			dependencies = (
			);
			name = UpNextWidgetExtension;
			productName = UpNextWidgetExtension;
			productReference = 405920DC2C23B862008A9CF2 /* UpNextWidgetExtension.appex */;
			productType = "com.apple.product-type.app-extension";
		};
		40790D6D2C23286B005DDC65 /* Up Next */ = {
			isa = PBXNativeTarget;
			buildConfigurationList = 40790D922C23286C005DDC65 /* Build configuration list for PBXNativeTarget "Up Next" */;
			buildPhases = (
				40790D6A2C23286B005DDC65 /* Sources */,
				40790D6B2C23286B005DDC65 /* Frameworks */,
				40790D6C2C23286B005DDC65 /* Resources */,
				405920BA2C236124008A9CF2 /* Embed Foundation Extensions */,
			);
			buildRules = (
			);
			dependencies = (
				405920EC2C23B863008A9CF2 /* PBXTargetDependency */,
			);
			name = "Up Next";
			productName = "Up Next";
			productReference = 40790D6E2C23286B005DDC65 /* Up Next.app */;
			productType = "com.apple.product-type.application";
		};
		40790D7D2C23286C005DDC65 /* Up NextTests */ = {
			isa = PBXNativeTarget;
			buildConfigurationList = 40790D952C23286C005DDC65 /* Build configuration list for PBXNativeTarget "Up NextTests" */;
			buildPhases = (
				40790D7A2C23286C005DDC65 /* Sources */,
				40790D7B2C23286C005DDC65 /* Frameworks */,
				40790D7C2C23286C005DDC65 /* Resources */,
			);
			buildRules = (
			);
			dependencies = (
				40790D802C23286C005DDC65 /* PBXTargetDependency */,
			);
			name = "Up NextTests";
			productName = "Up NextTests";
			productReference = 40790D7E2C23286C005DDC65 /* Up NextTests.xctest */;
			productType = "com.apple.product-type.bundle.unit-test";
		};
		40790D872C23286C005DDC65 /* Up NextUITests */ = {
			isa = PBXNativeTarget;
			buildConfigurationList = 40790D982C23286C005DDC65 /* Build configuration list for PBXNativeTarget "Up NextUITests" */;
			buildPhases = (
				40790D842C23286C005DDC65 /* Sources */,
				40790D852C23286C005DDC65 /* Frameworks */,
				40790D862C23286C005DDC65 /* Resources */,
			);
			buildRules = (
			);
			dependencies = (
				40790D8A2C23286C005DDC65 /* PBXTargetDependency */,
			);
			name = "Up NextUITests";
			productName = "Up NextUITests";
			productReference = 40790D882C23286C005DDC65 /* Up NextUITests.xctest */;
			productType = "com.apple.product-type.bundle.ui-testing";
		};
/* End PBXNativeTarget section */

/* Begin PBXProject section */
		40790D662C23286B005DDC65 /* Project object */ = {
			isa = PBXProject;
			attributes = {
				BuildIndependentTargetsInParallel = 1;
				LastSwiftUpdateCheck = 1540;
				LastUpgradeCheck = 1600;
				TargetAttributes = {
					405920DB2C23B862008A9CF2 = {
						CreatedOnToolsVersion = 15.4;
					};
					40790D6D2C23286B005DDC65 = {
						CreatedOnToolsVersion = 15.4;
					};
					40790D7D2C23286C005DDC65 = {
						CreatedOnToolsVersion = 15.4;
						TestTargetID = 40790D6D2C23286B005DDC65;
					};
					40790D872C23286C005DDC65 = {
						CreatedOnToolsVersion = 15.4;
						TestTargetID = 40790D6D2C23286B005DDC65;
					};
				};
			};
			buildConfigurationList = 40790D692C23286B005DDC65 /* Build configuration list for PBXProject "Up Next" */;
			compatibilityVersion = "Xcode 14.0";
			developmentRegion = en;
			hasScannedForEncodings = 0;
			knownRegions = (
				en,
				Base,
			);
			mainGroup = 40790D652C23286B005DDC65;
			productRefGroup = 40790D6F2C23286B005DDC65 /* Products */;
			projectDirPath = "";
			projectRoot = "";
			targets = (
				40790D6D2C23286B005DDC65 /* Up Next */,
				40790D7D2C23286C005DDC65 /* Up NextTests */,
				40790D872C23286C005DDC65 /* Up NextUITests */,
				405920DB2C23B862008A9CF2 /* UpNextWidgetExtension */,
			);
		};
/* End PBXProject section */

/* Begin PBXResourcesBuildPhase section */
		405920DA2C23B862008A9CF2 /* Resources */ = {
			isa = PBXResourcesBuildPhase;
			buildActionMask = 2147483647;
			files = (
				405920E92C23B863008A9CF2 /* Assets.xcassets in Resources */,
			);
			runOnlyForDeploymentPostprocessing = 0;
		};
		40790D6C2C23286B005DDC65 /* Resources */ = {
			isa = PBXResourcesBuildPhase;
			buildActionMask = 2147483647;
			files = (
				40790D792C23286C005DDC65 /* Preview Assets.xcassets in Resources */,
				40790D762C23286C005DDC65 /* Assets.xcassets in Resources */,
			);
			runOnlyForDeploymentPostprocessing = 0;
		};
		40790D7C2C23286C005DDC65 /* Resources */ = {
			isa = PBXResourcesBuildPhase;
			buildActionMask = 2147483647;
			files = (
			);
			runOnlyForDeploymentPostprocessing = 0;
		};
		40790D862C23286C005DDC65 /* Resources */ = {
			isa = PBXResourcesBuildPhase;
			buildActionMask = 2147483647;
			files = (
			);
			runOnlyForDeploymentPostprocessing = 0;
		};
/* End PBXResourcesBuildPhase section */

/* Begin PBXSourcesBuildPhase section */
		405920D82C23B862008A9CF2 /* Sources */ = {
			isa = PBXSourcesBuildPhase;
			buildActionMask = 2147483647;
			files = (
				40E9844F2C2A1A06007FE92D /* Utilities.swift in Sources */,
				40E984502C2A1C6D007FE92D /* CategoriesView.swift in Sources */,
				405920E32C23B862008A9CF2 /* UpNextWidgetLiveActivity.swift in Sources */,
				4061918C2C38FAA200BC3D4A /* SettingsView.swift in Sources */,
				405920E72C23B862008A9CF2 /* AppIntent.swift in Sources */,
				405920E52C23B862008A9CF2 /* UpNextWidget.swift in Sources */,
				4038EA9F2C33832400E0CE8E /* EventLoader.swift in Sources */,
				405920E12C23B862008A9CF2 /* UpNextWidgetBundle.swift in Sources */,
				40E9844E2C2A0F38007FE92D /* AppData.swift in Sources */,
			);
			runOnlyForDeploymentPostprocessing = 0;
		};
		40790D6A2C23286B005DDC65 /* Sources */ = {
			isa = PBXSourcesBuildPhase;
			buildActionMask = 2147483647;
			files = (
				4011A1522C3CE97D00F275DE /* EventForm.swift in Sources */,
				4061918B2C38FAA100BC3D4A /* SettingsView.swift in Sources */,
				40FEEC4B2C2919E0008AA61D /* Utilities.swift in Sources */,
				40FEEC472C2911DD008AA61D /* CategoriesView.swift in Sources */,
				40790D742C23286B005DDC65 /* ContentView.swift in Sources */,
				403EA2F32C2F69EE003207ED /* FontModifier.swift in Sources */,
				40FEEC532C292617008AA61D /* EditEventView.swift in Sources */,
				40549BC22C290E9300DA0EB6 /* PastEventsView.swift in Sources */,
				40FEEC512C292612008AA61D /* AddEventView.swift in Sources */,
				405F667B2C33A651003C9DC4 /* CircleButton.swift in Sources */,
				40FEEC4D2C291BA0008AA61D /* EventRow.swift in Sources */,
				409726482C2DE2CB0050988E /* CategoryPillsView.swift in Sources */,
				4038EA9E2C33832400E0CE8E /* EventLoader.swift in Sources */,
				40790D722C23286B005DDC65 /* Up_NextApp.swift in Sources */,
				40FEEC492C291558008AA61D /* AppData.swift in Sources */,
				405F66792C33A5C4003C9DC4 /* AddEventButton.swift in Sources */,
			);
			runOnlyForDeploymentPostprocessing = 0;
		};
		40790D7A2C23286C005DDC65 /* Sources */ = {
			isa = PBXSourcesBuildPhase;
			buildActionMask = 2147483647;
			files = (
				40790D832C23286C005DDC65 /* Up_NextTests.swift in Sources */,
			);
			runOnlyForDeploymentPostprocessing = 0;
		};
		40790D842C23286C005DDC65 /* Sources */ = {
			isa = PBXSourcesBuildPhase;
			buildActionMask = 2147483647;
			files = (
				40790D8F2C23286C005DDC65 /* Up_NextUITestsLaunchTests.swift in Sources */,
				40790D8D2C23286C005DDC65 /* Up_NextUITests.swift in Sources */,
			);
			runOnlyForDeploymentPostprocessing = 0;
		};
/* End PBXSourcesBuildPhase section */

/* Begin PBXTargetDependency section */
		405920EC2C23B863008A9CF2 /* PBXTargetDependency */ = {
			isa = PBXTargetDependency;
			target = 405920DB2C23B862008A9CF2 /* UpNextWidgetExtension */;
			targetProxy = 405920EB2C23B863008A9CF2 /* PBXContainerItemProxy */;
		};
		40790D802C23286C005DDC65 /* PBXTargetDependency */ = {
			isa = PBXTargetDependency;
			target = 40790D6D2C23286B005DDC65 /* Up Next */;
			targetProxy = 40790D7F2C23286C005DDC65 /* PBXContainerItemProxy */;
		};
		40790D8A2C23286C005DDC65 /* PBXTargetDependency */ = {
			isa = PBXTargetDependency;
			target = 40790D6D2C23286B005DDC65 /* Up Next */;
			targetProxy = 40790D892C23286C005DDC65 /* PBXContainerItemProxy */;
		};
/* End PBXTargetDependency section */

/* Begin XCBuildConfiguration section */
		405920EF2C23B863008A9CF2 /* Debug */ = {
			isa = XCBuildConfiguration;
			buildSettings = {
				ASSETCATALOG_COMPILER_GLOBAL_ACCENT_COLOR_NAME = AccentColor;
				ASSETCATALOG_COMPILER_WIDGET_BACKGROUND_COLOR_NAME = WidgetBackground;
				CODE_SIGN_ALLOW_ENTITLEMENTS_MODIFICATION = NO;
				CODE_SIGN_ENTITLEMENTS = UpNextWidgetExtension.entitlements;
				CODE_SIGN_STYLE = Automatic;
				CURRENT_PROJECT_VERSION = 1;
				DEVELOPMENT_TEAM = RWC965TCNN;
				GENERATE_INFOPLIST_FILE = YES;
				INFOPLIST_FILE = UpNextWidget/Info.plist;
				INFOPLIST_KEY_CFBundleDisplayName = UpNextWidget;
				INFOPLIST_KEY_NSHumanReadableCopyright = "";
				LD_RUNPATH_SEARCH_PATHS = (
					"$(inherited)",
					"@executable_path/Frameworks",
					"@executable_path/../../Frameworks",
				);
				MARKETING_VERSION = 1.0.1;
				PRODUCT_BUNDLE_IDENTIFIER = "ValdiviaWorks.Up-Next.UpNextWidget";
				PRODUCT_NAME = "$(TARGET_NAME)";
				SKIP_INSTALL = YES;
				SWIFT_EMIT_LOC_STRINGS = YES;
				SWIFT_VERSION = 5.0;
				TARGETED_DEVICE_FAMILY = "1,2";
			};
			name = Debug;
		};
		405920F02C23B863008A9CF2 /* Release */ = {
			isa = XCBuildConfiguration;
			buildSettings = {
				ASSETCATALOG_COMPILER_GLOBAL_ACCENT_COLOR_NAME = AccentColor;
				ASSETCATALOG_COMPILER_WIDGET_BACKGROUND_COLOR_NAME = WidgetBackground;
				CODE_SIGN_ALLOW_ENTITLEMENTS_MODIFICATION = NO;
				CODE_SIGN_ENTITLEMENTS = UpNextWidgetExtension.entitlements;
				CODE_SIGN_STYLE = Automatic;
				CURRENT_PROJECT_VERSION = 1;
				DEVELOPMENT_TEAM = RWC965TCNN;
				GENERATE_INFOPLIST_FILE = YES;
				INFOPLIST_FILE = UpNextWidget/Info.plist;
				INFOPLIST_KEY_CFBundleDisplayName = UpNextWidget;
				INFOPLIST_KEY_NSHumanReadableCopyright = "";
				LD_RUNPATH_SEARCH_PATHS = (
					"$(inherited)",
					"@executable_path/Frameworks",
					"@executable_path/../../Frameworks",
				);
				MARKETING_VERSION = 1.0.1;
				PRODUCT_BUNDLE_IDENTIFIER = "ValdiviaWorks.Up-Next.UpNextWidget";
				PRODUCT_NAME = "$(TARGET_NAME)";
				SKIP_INSTALL = YES;
				SWIFT_EMIT_LOC_STRINGS = YES;
				SWIFT_VERSION = 5.0;
				TARGETED_DEVICE_FAMILY = "1,2";
			};
			name = Release;
		};
		40790D902C23286C005DDC65 /* Debug */ = {
			isa = XCBuildConfiguration;
			buildSettings = {
				ALWAYS_SEARCH_USER_PATHS = NO;
				ASSETCATALOG_COMPILER_GENERATE_SWIFT_ASSET_SYMBOL_EXTENSIONS = YES;
				CLANG_ANALYZER_NONNULL = YES;
				CLANG_ANALYZER_NUMBER_OBJECT_CONVERSION = YES_AGGRESSIVE;
				CLANG_CXX_LANGUAGE_STANDARD = "gnu++20";
				CLANG_ENABLE_MODULES = YES;
				CLANG_ENABLE_OBJC_ARC = YES;
				CLANG_ENABLE_OBJC_WEAK = YES;
				CLANG_WARN_BLOCK_CAPTURE_AUTORELEASING = YES;
				CLANG_WARN_BOOL_CONVERSION = YES;
				CLANG_WARN_COMMA = YES;
				CLANG_WARN_CONSTANT_CONVERSION = YES;
				CLANG_WARN_DEPRECATED_OBJC_IMPLEMENTATIONS = YES;
				CLANG_WARN_DIRECT_OBJC_ISA_USAGE = YES_ERROR;
				CLANG_WARN_DOCUMENTATION_COMMENTS = YES;
				CLANG_WARN_EMPTY_BODY = YES;
				CLANG_WARN_ENUM_CONVERSION = YES;
				CLANG_WARN_INFINITE_RECURSION = YES;
				CLANG_WARN_INT_CONVERSION = YES;
				CLANG_WARN_NON_LITERAL_NULL_CONVERSION = YES;
				CLANG_WARN_OBJC_IMPLICIT_RETAIN_SELF = YES;
				CLANG_WARN_OBJC_LITERAL_CONVERSION = YES;
				CLANG_WARN_OBJC_ROOT_CLASS = YES_ERROR;
				CLANG_WARN_QUOTED_INCLUDE_IN_FRAMEWORK_HEADER = YES;
				CLANG_WARN_RANGE_LOOP_ANALYSIS = YES;
				CLANG_WARN_STRICT_PROTOTYPES = YES;
				CLANG_WARN_SUSPICIOUS_MOVE = YES;
				CLANG_WARN_UNGUARDED_AVAILABILITY = YES_AGGRESSIVE;
				CLANG_WARN_UNREACHABLE_CODE = YES;
				CLANG_WARN__DUPLICATE_METHOD_MATCH = YES;
				CODE_SIGN_ALLOW_ENTITLEMENTS_MODIFICATION = NO;
				COPY_PHASE_STRIP = NO;
				DEBUG_INFORMATION_FORMAT = "dwarf-with-dsym";
				ENABLE_STRICT_OBJC_MSGSEND = YES;
				ENABLE_TESTABILITY = YES;
				ENABLE_USER_SCRIPT_SANDBOXING = YES;
				GCC_C_LANGUAGE_STANDARD = gnu17;
				GCC_DYNAMIC_NO_PIC = NO;
				GCC_NO_COMMON_BLOCKS = YES;
				GCC_OPTIMIZATION_LEVEL = 0;
				GCC_PREPROCESSOR_DEFINITIONS = (
					"DEBUG=1",
					"$(inherited)",
				);
				GCC_WARN_64_TO_32_BIT_CONVERSION = YES;
				GCC_WARN_ABOUT_RETURN_TYPE = YES_ERROR;
				GCC_WARN_UNDECLARED_SELECTOR = YES;
				GCC_WARN_UNINITIALIZED_AUTOS = YES_AGGRESSIVE;
				GCC_WARN_UNUSED_FUNCTION = YES;
				GCC_WARN_UNUSED_VARIABLE = YES;
				IPHONEOS_DEPLOYMENT_TARGET = 17.5;
				LOCALIZATION_PREFERS_STRING_CATALOGS = YES;
				MTL_ENABLE_DEBUG_INFO = INCLUDE_SOURCE;
				MTL_FAST_MATH = YES;
				ONLY_ACTIVE_ARCH = YES;
				SDKROOT = iphoneos;
				SWIFT_ACTIVE_COMPILATION_CONDITIONS = "DEBUG $(inherited)";
				SWIFT_OPTIMIZATION_LEVEL = "-Onone";
			};
			name = Debug;
		};
		40790D912C23286C005DDC65 /* Release */ = {
			isa = XCBuildConfiguration;
			buildSettings = {
				ALWAYS_SEARCH_USER_PATHS = NO;
				ASSETCATALOG_COMPILER_GENERATE_SWIFT_ASSET_SYMBOL_EXTENSIONS = YES;
				CLANG_ANALYZER_NONNULL = YES;
				CLANG_ANALYZER_NUMBER_OBJECT_CONVERSION = YES_AGGRESSIVE;
				CLANG_CXX_LANGUAGE_STANDARD = "gnu++20";
				CLANG_ENABLE_MODULES = YES;
				CLANG_ENABLE_OBJC_ARC = YES;
				CLANG_ENABLE_OBJC_WEAK = YES;
				CLANG_WARN_BLOCK_CAPTURE_AUTORELEASING = YES;
				CLANG_WARN_BOOL_CONVERSION = YES;
				CLANG_WARN_COMMA = YES;
				CLANG_WARN_CONSTANT_CONVERSION = YES;
				CLANG_WARN_DEPRECATED_OBJC_IMPLEMENTATIONS = YES;
				CLANG_WARN_DIRECT_OBJC_ISA_USAGE = YES_ERROR;
				CLANG_WARN_DOCUMENTATION_COMMENTS = YES;
				CLANG_WARN_EMPTY_BODY = YES;
				CLANG_WARN_ENUM_CONVERSION = YES;
				CLANG_WARN_INFINITE_RECURSION = YES;
				CLANG_WARN_INT_CONVERSION = YES;
				CLANG_WARN_NON_LITERAL_NULL_CONVERSION = YES;
				CLANG_WARN_OBJC_IMPLICIT_RETAIN_SELF = YES;
				CLANG_WARN_OBJC_LITERAL_CONVERSION = YES;
				CLANG_WARN_OBJC_ROOT_CLASS = YES_ERROR;
				CLANG_WARN_QUOTED_INCLUDE_IN_FRAMEWORK_HEADER = YES;
				CLANG_WARN_RANGE_LOOP_ANALYSIS = YES;
				CLANG_WARN_STRICT_PROTOTYPES = YES;
				CLANG_WARN_SUSPICIOUS_MOVE = YES;
				CLANG_WARN_UNGUARDED_AVAILABILITY = YES_AGGRESSIVE;
				CLANG_WARN_UNREACHABLE_CODE = YES;
				CLANG_WARN__DUPLICATE_METHOD_MATCH = YES;
				CODE_SIGN_ALLOW_ENTITLEMENTS_MODIFICATION = NO;
				COPY_PHASE_STRIP = NO;
				DEBUG_INFORMATION_FORMAT = "dwarf-with-dsym";
				ENABLE_NS_ASSERTIONS = NO;
				ENABLE_STRICT_OBJC_MSGSEND = YES;
				ENABLE_USER_SCRIPT_SANDBOXING = YES;
				GCC_C_LANGUAGE_STANDARD = gnu17;
				GCC_NO_COMMON_BLOCKS = YES;
				GCC_WARN_64_TO_32_BIT_CONVERSION = YES;
				GCC_WARN_ABOUT_RETURN_TYPE = YES_ERROR;
				GCC_WARN_UNDECLARED_SELECTOR = YES;
				GCC_WARN_UNINITIALIZED_AUTOS = YES_AGGRESSIVE;
				GCC_WARN_UNUSED_FUNCTION = YES;
				GCC_WARN_UNUSED_VARIABLE = YES;
				IPHONEOS_DEPLOYMENT_TARGET = 17.5;
				LOCALIZATION_PREFERS_STRING_CATALOGS = YES;
				MTL_ENABLE_DEBUG_INFO = NO;
				MTL_FAST_MATH = YES;
				SDKROOT = iphoneos;
				SWIFT_COMPILATION_MODE = wholemodule;
				VALIDATE_PRODUCT = YES;
			};
			name = Release;
		};
		40790D932C23286C005DDC65 /* Debug */ = {
			isa = XCBuildConfiguration;
			buildSettings = {
				ASSETCATALOG_COMPILER_APPICON_NAME = AppIcon;
				ASSETCATALOG_COMPILER_GLOBAL_ACCENT_COLOR_NAME = AccentColor;
				ASSETCATALOG_COMPILER_INCLUDE_ALL_APPICON_ASSETS = YES;
				CODE_SIGN_ALLOW_ENTITLEMENTS_MODIFICATION = NO;
				CODE_SIGN_ENTITLEMENTS = "Up Next/Up Next.entitlements";
				CODE_SIGN_STYLE = Automatic;
				CURRENT_PROJECT_VERSION = 1;
				DEVELOPMENT_ASSET_PATHS = "\"Up Next/Preview Content\"";
				DEVELOPMENT_TEAM = RWC965TCNN;
				ENABLE_PREVIEWS = YES;
				GENERATE_INFOPLIST_FILE = YES;
				INFOPLIST_KEY_UIApplicationSceneManifest_Generation = YES;
				INFOPLIST_KEY_UIApplicationSupportsIndirectInputEvents = YES;
				INFOPLIST_KEY_UILaunchScreen_Generation = YES;
				INFOPLIST_KEY_UISupportedInterfaceOrientations_iPad = "UIInterfaceOrientationPortrait UIInterfaceOrientationPortraitUpsideDown UIInterfaceOrientationLandscapeLeft UIInterfaceOrientationLandscapeRight";
				INFOPLIST_KEY_UISupportedInterfaceOrientations_iPhone = "UIInterfaceOrientationPortrait UIInterfaceOrientationLandscapeLeft UIInterfaceOrientationLandscapeRight";
				LD_RUNPATH_SEARCH_PATHS = (
					"$(inherited)",
					"@executable_path/Frameworks",
				);
				MARKETING_VERSION = 1.0.2;
				PRODUCT_BUNDLE_IDENTIFIER = "ValdiviaWorks.Up-Next";
				PRODUCT_NAME = "$(TARGET_NAME)";
				SWIFT_EMIT_LOC_STRINGS = YES;
				SWIFT_VERSION = 5.0;
				TARGETED_DEVICE_FAMILY = "1,2";
			};
			name = Debug;
		};
		40790D942C23286C005DDC65 /* Release */ = {
			isa = XCBuildConfiguration;
			buildSettings = {
				ASSETCATALOG_COMPILER_APPICON_NAME = AppIcon;
				ASSETCATALOG_COMPILER_GLOBAL_ACCENT_COLOR_NAME = AccentColor;
				ASSETCATALOG_COMPILER_INCLUDE_ALL_APPICON_ASSETS = YES;
				CODE_SIGN_ALLOW_ENTITLEMENTS_MODIFICATION = NO;
				CODE_SIGN_ENTITLEMENTS = "Up Next/Up Next.entitlements";
				CODE_SIGN_STYLE = Automatic;
				CURRENT_PROJECT_VERSION = 1;
				DEVELOPMENT_ASSET_PATHS = "\"Up Next/Preview Content\"";
				DEVELOPMENT_TEAM = RWC965TCNN;
				ENABLE_PREVIEWS = YES;
				GENERATE_INFOPLIST_FILE = YES;
				INFOPLIST_KEY_UIApplicationSceneManifest_Generation = YES;
				INFOPLIST_KEY_UIApplicationSupportsIndirectInputEvents = YES;
				INFOPLIST_KEY_UILaunchScreen_Generation = YES;
				INFOPLIST_KEY_UISupportedInterfaceOrientations_iPad = "UIInterfaceOrientationPortrait UIInterfaceOrientationPortraitUpsideDown UIInterfaceOrientationLandscapeLeft UIInterfaceOrientationLandscapeRight";
				INFOPLIST_KEY_UISupportedInterfaceOrientations_iPhone = "UIInterfaceOrientationPortrait UIInterfaceOrientationLandscapeLeft UIInterfaceOrientationLandscapeRight";
				LD_RUNPATH_SEARCH_PATHS = (
					"$(inherited)",
					"@executable_path/Frameworks",
				);
				MARKETING_VERSION = 1.0.2;
				PRODUCT_BUNDLE_IDENTIFIER = "ValdiviaWorks.Up-Next";
				PRODUCT_NAME = "$(TARGET_NAME)";
				SWIFT_EMIT_LOC_STRINGS = YES;
				SWIFT_VERSION = 5.0;
				TARGETED_DEVICE_FAMILY = "1,2";
			};
			name = Release;
		};
		40790D962C23286C005DDC65 /* Debug */ = {
			isa = XCBuildConfiguration;
			buildSettings = {
				BUNDLE_LOADER = "$(TEST_HOST)";
				CODE_SIGN_ALLOW_ENTITLEMENTS_MODIFICATION = NO;
				CODE_SIGN_STYLE = Automatic;
				CURRENT_PROJECT_VERSION = 1;
				DEVELOPMENT_TEAM = RWC965TCNN;
				GENERATE_INFOPLIST_FILE = YES;
				IPHONEOS_DEPLOYMENT_TARGET = 17.5;
				MARKETING_VERSION = 1.0;
				PRODUCT_BUNDLE_IDENTIFIER = "ValdiviaWorks.Up-NextTests";
				PRODUCT_NAME = "$(TARGET_NAME)";
				SWIFT_EMIT_LOC_STRINGS = NO;
				SWIFT_VERSION = 5.0;
				TARGETED_DEVICE_FAMILY = "1,2";
				TEST_HOST = "$(BUILT_PRODUCTS_DIR)/Up Next.app/$(BUNDLE_EXECUTABLE_FOLDER_PATH)/Up Next";
			};
			name = Debug;
		};
		40790D972C23286C005DDC65 /* Release */ = {
			isa = XCBuildConfiguration;
			buildSettings = {
				BUNDLE_LOADER = "$(TEST_HOST)";
				CODE_SIGN_ALLOW_ENTITLEMENTS_MODIFICATION = NO;
				CODE_SIGN_STYLE = Automatic;
				CURRENT_PROJECT_VERSION = 1;
				DEVELOPMENT_TEAM = RWC965TCNN;
				GENERATE_INFOPLIST_FILE = YES;
				IPHONEOS_DEPLOYMENT_TARGET = 17.5;
				MARKETING_VERSION = 1.0;
				PRODUCT_BUNDLE_IDENTIFIER = "ValdiviaWorks.Up-NextTests";
				PRODUCT_NAME = "$(TARGET_NAME)";
				SWIFT_EMIT_LOC_STRINGS = NO;
				SWIFT_VERSION = 5.0;
				TARGETED_DEVICE_FAMILY = "1,2";
				TEST_HOST = "$(BUILT_PRODUCTS_DIR)/Up Next.app/$(BUNDLE_EXECUTABLE_FOLDER_PATH)/Up Next";
			};
			name = Release;
		};
		40790D992C23286C005DDC65 /* Debug */ = {
			isa = XCBuildConfiguration;
			buildSettings = {
				CODE_SIGN_ALLOW_ENTITLEMENTS_MODIFICATION = NO;
				CODE_SIGN_STYLE = Automatic;
				CURRENT_PROJECT_VERSION = 1;
				DEVELOPMENT_TEAM = RWC965TCNN;
				GENERATE_INFOPLIST_FILE = YES;
				MARKETING_VERSION = 1.0;
				PRODUCT_BUNDLE_IDENTIFIER = "ValdiviaWorks.Up-NextUITests";
				PRODUCT_NAME = "$(TARGET_NAME)";
				SWIFT_EMIT_LOC_STRINGS = NO;
				SWIFT_VERSION = 5.0;
				TARGETED_DEVICE_FAMILY = "1,2";
				TEST_TARGET_NAME = "Up Next";
			};
			name = Debug;
		};
		40790D9A2C23286C005DDC65 /* Release */ = {
			isa = XCBuildConfiguration;
			buildSettings = {
				CODE_SIGN_ALLOW_ENTITLEMENTS_MODIFICATION = NO;
				CODE_SIGN_STYLE = Automatic;
				CURRENT_PROJECT_VERSION = 1;
				DEVELOPMENT_TEAM = RWC965TCNN;
				GENERATE_INFOPLIST_FILE = YES;
				MARKETING_VERSION = 1.0;
				PRODUCT_BUNDLE_IDENTIFIER = "ValdiviaWorks.Up-NextUITests";
				PRODUCT_NAME = "$(TARGET_NAME)";
				SWIFT_EMIT_LOC_STRINGS = NO;
				SWIFT_VERSION = 5.0;
				TARGETED_DEVICE_FAMILY = "1,2";
				TEST_TARGET_NAME = "Up Next";
			};
			name = Release;
		};
/* End XCBuildConfiguration section */

/* Begin XCConfigurationList section */
		405920EE2C23B863008A9CF2 /* Build configuration list for PBXNativeTarget "UpNextWidgetExtension" */ = {
			isa = XCConfigurationList;
			buildConfigurations = (
				405920EF2C23B863008A9CF2 /* Debug */,
				405920F02C23B863008A9CF2 /* Release */,
			);
			defaultConfigurationIsVisible = 0;
			defaultConfigurationName = Release;
		};
		40790D692C23286B005DDC65 /* Build configuration list for PBXProject "Up Next" */ = {
			isa = XCConfigurationList;
			buildConfigurations = (
				40790D902C23286C005DDC65 /* Debug */,
				40790D912C23286C005DDC65 /* Release */,
			);
			defaultConfigurationIsVisible = 0;
			defaultConfigurationName = Release;
		};
		40790D922C23286C005DDC65 /* Build configuration list for PBXNativeTarget "Up Next" */ = {
			isa = XCConfigurationList;
			buildConfigurations = (
				40790D932C23286C005DDC65 /* Debug */,
				40790D942C23286C005DDC65 /* Release */,
			);
			defaultConfigurationIsVisible = 0;
			defaultConfigurationName = Release;
		};
		40790D952C23286C005DDC65 /* Build configuration list for PBXNativeTarget "Up NextTests" */ = {
			isa = XCConfigurationList;
			buildConfigurations = (
				40790D962C23286C005DDC65 /* Debug */,
				40790D972C23286C005DDC65 /* Release */,
			);
			defaultConfigurationIsVisible = 0;
			defaultConfigurationName = Release;
		};
		40790D982C23286C005DDC65 /* Build configuration list for PBXNativeTarget "Up NextUITests" */ = {
			isa = XCConfigurationList;
			buildConfigurations = (
				40790D992C23286C005DDC65 /* Debug */,
				40790D9A2C23286C005DDC65 /* Release */,
			);
			defaultConfigurationIsVisible = 0;
			defaultConfigurationName = Release;
		};
/* End XCConfigurationList section */
	};
	rootObject = 40790D662C23286B005DDC65 /* Project object */;
}
