// !$*UTF8*$!
{
	archiveVersion = 1;
	classes = {
	};
	objectVersion = 56;
	objects = {

/* Begin PBXBuildFile section */
        A91420260000000000000003 /* App PrivacyInfo.xcprivacy in Resources */ = {isa = PBXBuildFile; fileRef = A91420260000000000000001 /* App PrivacyInfo.xcprivacy */; };
        A91420260000000000000004 /* Widget PrivacyInfo.xcprivacy in Resources */ = {isa = PBXBuildFile; fileRef = A91420260000000000000002 /* Widget PrivacyInfo.xcprivacy */; };
		12736DCA7BCBF515938B0029 /* BirthdayImportTests.swift in Sources */ = {isa = PBXBuildFile; fileRef = 54B29B48A048458C95B15BD3 /* BirthdayImportTests.swift */; };
		28D6C15966EB1FB82A24018E /* ContactBirthdaysView.swift in Sources */ = {isa = PBXBuildFile; fileRef = 43576E20FAAF7982AF2AE269 /* ContactBirthdaysView.swift */; };
		0E0ADBF48D0525C7D347094C /* BirthdayContactsStore.swift in Sources */ = {isa = PBXBuildFile; fileRef = A101B826C0CD77EC35C1BCF5 /* BirthdayContactsStore.swift */; };
		3FCB41175B0FEC3ACC0D0CF7 /* ContactBirthday.swift in Sources */ = {isa = PBXBuildFile; fileRef = EC06F50DFDF48DA502F94B8C /* ContactBirthday.swift */; };
		A3FE25AE5589ABA7222E0A41 /* ContactBirthday.swift in Sources */ = {isa = PBXBuildFile; fileRef = EC06F50DFDF48DA502F94B8C /* ContactBirthday.swift */; };
		40109BFE2CBB696D00962D7C /* CategoryForm.swift in Sources */ = {isa = PBXBuildFile; fileRef = 40109BFD2CBB696D00962D7C /* CategoryForm.swift */; };
		4011A1522C3CE97D00F275DE /* EventForm.swift in Sources */ = {isa = PBXBuildFile; fileRef = 4011A1512C3CE97D00F275DE /* EventForm.swift */; };
		4038EA9F2C33832400E0CE8E /* EventLoader.swift in Sources */ = {isa = PBXBuildFile; fileRef = 4038EA9D2C33832400E0CE8E /* EventLoader.swift */; };
		405920DD2C23B862008A9CF2 /* WidgetKit.framework in Frameworks */ = {isa = PBXBuildFile; fileRef = 405920A72C236123008A9CF2 /* WidgetKit.framework */; };
		405920DE2C23B862008A9CF2 /* SwiftUI.framework in Frameworks */ = {isa = PBXBuildFile; fileRef = 405920A92C236123008A9CF2 /* SwiftUI.framework */; };
		405920E12C23B862008A9CF2 /* UpNextWidgetBundle.swift in Sources */ = {isa = PBXBuildFile; fileRef = 405920E02C23B862008A9CF2 /* UpNextWidgetBundle.swift */; };
		405920E52C23B862008A9CF2 /* UpNextWidget.swift in Sources */ = {isa = PBXBuildFile; fileRef = 405920E42C23B862008A9CF2 /* UpNextWidget.swift */; };
		405920E72C23B862008A9CF2 /* AppIntent.swift in Sources */ = {isa = PBXBuildFile; fileRef = 405920E62C23B862008A9CF2 /* AppIntent.swift */; };
		405920E92C23B863008A9CF2 /* Assets.xcassets in Resources */ = {isa = PBXBuildFile; fileRef = 405920E82C23B863008A9CF2 /* Assets.xcassets */; };
		405920ED2C23B863008A9CF2 /* UpNextWidgetExtension.appex in Embed Foundation Extensions */ = {isa = PBXBuildFile; fileRef = 405920DC2C23B862008A9CF2 /* UpNextWidgetExtension.appex */; settings = {ATTRIBUTES = (RemoveHeadersOnCopy, ); }; };
		40595AF82C4EB248007CE39E /* CustomColorPickerSheet.swift in Sources */ = {isa = PBXBuildFile; fileRef = 40595AF72C4EB248007CE39E /* CustomColorPickerSheet.swift */; };
		405F66792C33A5C4003C9DC4 /* AddEventButton.swift in Sources */ = {isa = PBXBuildFile; fileRef = 405F66782C33A5C4003C9DC4 /* AddEventButton.swift */; };
		4061918B2C38FAA100BC3D4A /* SettingsView.swift in Sources */ = {isa = PBXBuildFile; fileRef = 406191892C38FA6700BC3D4A /* SettingsView.swift */; };
		40790D722C23286B005DDC65 /* Up_NextApp.swift in Sources */ = {isa = PBXBuildFile; fileRef = 40790D712C23286B005DDC65 /* Up_NextApp.swift */; };
		40790D742C23286B005DDC65 /* ContentView.swift in Sources */ = {isa = PBXBuildFile; fileRef = 40790D732C23286B005DDC65 /* ContentView.swift */; };
		40790D762C23286C005DDC65 /* Assets.xcassets in Resources */ = {isa = PBXBuildFile; fileRef = 40790D752C23286C005DDC65 /* Assets.xcassets */; };
		40790D792C23286C005DDC65 /* Preview Assets.xcassets in Resources */ = {isa = PBXBuildFile; fileRef = 40790D782C23286C005DDC65 /* Preview Assets.xcassets */; };
		407AE1B32C6C570800DEAD7C /* StoreKit.framework in Frameworks */ = {isa = PBXBuildFile; fileRef = 407AE1B22C6C570800DEAD7C /* StoreKit.framework */; };
		407AE1B52C6C573100DEAD7C /* Almanac Pro.storekit in Resources */ = {isa = PBXBuildFile; fileRef = 407AE1B42C6C573100DEAD7C /* Almanac Pro.storekit */; };
		407AE1B62C6C573100DEAD7C /* Almanac Pro.storekit in Resources */ = {isa = PBXBuildFile; fileRef = 407AE1B42C6C573100DEAD7C /* Almanac Pro.storekit */; };
		409726482C2DE2CB0050988E /* CategoryPillsView.swift in Sources */ = {isa = PBXBuildFile; fileRef = 409726472C2DE2CB0050988E /* CategoryPillsView.swift */; };
		40B4AEAA2CBB998B00E4719E /* RepeatOptions.swift in Sources */ = {isa = PBXBuildFile; fileRef = 40B4AEA92CBB998B00E4719E /* RepeatOptions.swift */; };
		40FEEC472C2911DD008AA61D /* CategoriesView.swift in Sources */ = {isa = PBXBuildFile; fileRef = 40FEEC462C2911DD008AA61D /* CategoriesView.swift */; };
		40FEEC492C291558008AA61D /* AppData.swift in Sources */ = {isa = PBXBuildFile; fileRef = 40FEEC482C291558008AA61D /* AppData.swift */; };
		40FEEC4B2C2919E0008AA61D /* Utilities.swift in Sources */ = {isa = PBXBuildFile; fileRef = 40FEEC4A2C2919E0008AA61D /* Utilities.swift */; };
		40FEEC4D2C291BA0008AA61D /* EventRow.swift in Sources */ = {isa = PBXBuildFile; fileRef = 40FEEC4C2C291BA0008AA61D /* EventRow.swift */; };
		40FEEC532C292617008AA61D /* EditEventView.swift in Sources */ = {isa = PBXBuildFile; fileRef = 40FEEC522C292617008AA61D /* EditEventView.swift */; };
		3300964BAEB5833E280B7B48 /* RegressionTests.swift in Sources */ = {isa = PBXBuildFile; fileRef = 7D72B9A22B982535A34BD94F /* RegressionTests.swift */; };
		590233A1ECFCD0624510B31F /* NotificationPlan.swift in Sources */ = {isa = PBXBuildFile; fileRef = 69F4791119ECD9F2CCD11504 /* NotificationPlan.swift */; };
		3FB7FDD1DAF38F55B98B55E4 /* NotificationTests.swift in Sources */ = {isa = PBXBuildFile; fileRef = D9AA25E5FED3B5CB56BAE292 /* NotificationTests.swift */; };
		EE7E13646416A9F1AC2F2B03 /* AppPreferences.swift in Sources */ = {isa = PBXBuildFile; fileRef = D779FBF97208130751AAF53A /* AppPreferences.swift */; };
		768EA39117DC0620BCCD2BC4 /* AppPreferences.swift in Sources */ = {isa = PBXBuildFile; fileRef = D779FBF97208130751AAF53A /* AppPreferences.swift */; };
		DCCB36AF7935BC806656C34E /* DeepLink.swift in Sources */ = {isa = PBXBuildFile; fileRef = 9DD701A80E51DEAB22E8ACFF /* DeepLink.swift */; };
		A749BFE11F269FBBCA048C93 /* DeepLink.swift in Sources */ = {isa = PBXBuildFile; fileRef = 9DD701A80E51DEAB22E8ACFF /* DeepLink.swift */; };
		25168B30958C3883582A3A8B /* EventWindow.swift in Sources */ = {isa = PBXBuildFile; fileRef = AA4E2B1300420E0C57E87638 /* EventWindow.swift */; };
		254509D39B9F1D79BD49342E /* EventWindow.swift in Sources */ = {isa = PBXBuildFile; fileRef = AA4E2B1300420E0C57E87638 /* EventWindow.swift */; };
		787B0AAD2805E72D9B040DFC /* EventStore.swift in Sources */ = {isa = PBXBuildFile; fileRef = 388A4DE642E1E45CDAA1415D /* EventStore.swift */; };
		799C08E9F4947E56A02212B7 /* EventStore.swift in Sources */ = {isa = PBXBuildFile; fileRef = 388A4DE642E1E45CDAA1415D /* EventStore.swift */; };
		86180C32DB874A966B7DC47A /* StorageTests.swift in Sources */ = {isa = PBXBuildFile; fileRef = 194B1A78F23BD7C7A274D267 /* StorageTests.swift */; };
		375D6F82F4943D3207D9A79A /* Recurrence.swift in Sources */ = {isa = PBXBuildFile; fileRef = 526CE7F7A1C4FE706A73E1FA /* Recurrence.swift */; };
		333981FF51AAA8898779B9EE /* Recurrence.swift in Sources */ = {isa = PBXBuildFile; fileRef = 526CE7F7A1C4FE706A73E1FA /* Recurrence.swift */; };
		94B239855355F36008D77FAD /* RecurrenceTests.swift in Sources */ = {isa = PBXBuildFile; fileRef = 0A37B79236BB2FFA0AD703FF /* RecurrenceTests.swift */; };
		57DF4C6C571B5B05BC2E70D5 /* TimelineLayout.swift in Sources */ = {isa = PBXBuildFile; fileRef = 53B32FC648A00425681AAD1B /* TimelineLayout.swift */; };
		023A9D682703DB452C78D9D9 /* WidgetEvents.swift in Sources */ = {isa = PBXBuildFile; fileRef = 52057A3A9AFD9394CF57B755 /* WidgetEvents.swift */; };
		62712D3B52A48220B59D8B89 /* WidgetEvents.swift in Sources */ = {isa = PBXBuildFile; fileRef = 52057A3A9AFD9394CF57B755 /* WidgetEvents.swift */; };
		9219A87CFE584617073DD910 /* CalendarDay.swift in Sources */ = {isa = PBXBuildFile; fileRef = B6390FF42ACE40DE5232D7FA /* CalendarDay.swift */; };
		6CCF9EA38B2B4B3C85DB7DA1 /* CalendarDay.swift in Sources */ = {isa = PBXBuildFile; fileRef = B6390FF42ACE40DE5232D7FA /* CalendarDay.swift */; };
		8C7DC69CE3A57680D6D442D0 /* CalendarDayTests.swift in Sources */ = {isa = PBXBuildFile; fileRef = 94FAD892E28928223EEDD471 /* CalendarDayTests.swift */; };
		BCF7D80A4425E9276FE64049 /* Models.swift in Sources */ = {isa = PBXBuildFile; fileRef = 487029ABA0C58EE21B5F45AD /* Models.swift */; };
		517DA08CD6454F1482740071 /* Models.swift in Sources */ = {isa = PBXBuildFile; fileRef = 487029ABA0C58EE21B5F45AD /* Models.swift */; };
		C5750AEAC09F93CEE7CEBD3A /* EventDateText.swift in Sources */ = {isa = PBXBuildFile; fileRef = A2F15DB237CB7B3AB52AB908 /* EventDateText.swift */; };
		725322D05AE2D1288128E6C3 /* EventDateText.swift in Sources */ = {isa = PBXBuildFile; fileRef = A2F15DB237CB7B3AB52AB908 /* EventDateText.swift */; };
		CC9182531D1738A24CDA3558 /* CategoryStorage.swift in Sources */ = {isa = PBXBuildFile; fileRef = EB6BE45AB276B462452E4155 /* CategoryStorage.swift */; };
		50D2E8E2C2E8878372D99DD4 /* CategoryStorage.swift in Sources */ = {isa = PBXBuildFile; fileRef = EB6BE45AB276B462452E4155 /* CategoryStorage.swift */; };
		0413DCA61A0BEC6798977FE7 /* NotificationSchedulerTests.swift in Sources */ = {isa = PBXBuildFile; fileRef = 3750D3F87DEA7E4649B86E97 /* NotificationSchedulerTests.swift */; };
		2E014AED8ADFBBA3DD78B04C /* SubscriptionTests.swift in Sources */ = {isa = PBXBuildFile; fileRef = 57EEE7588F94EC2A31EC30AF /* SubscriptionTests.swift */; };
		50F593EF995BBDAE9B71C4F7 /* EventFlowTests.swift in Sources */ = {isa = PBXBuildFile; fileRef = 3DFD61507F0A4276A5F8E6D0 /* EventFlowTests.swift */; };
		A109BF600000000000000002 /* QuickEventParser.swift in Sources */ = {isa = PBXBuildFile; fileRef = A109BF600000000000000001 /* QuickEventParser.swift */; };
		A109BF600000000000000004 /* NewEventDraft.swift in Sources */ = {isa = PBXBuildFile; fileRef = A109BF600000000000000003 /* NewEventDraft.swift */; };
		A109BF600000000000000008 /* QuickDateEditor.swift in Sources */ = {isa = PBXBuildFile; fileRef = A109BF600000000000000007 /* QuickDateEditor.swift */; };
		A109BF600000000000000006 /* QuickEventTests.swift in Sources */ = {isa = PBXBuildFile; fileRef = A109BF600000000000000005 /* QuickEventTests.swift */; };
		D31E01000000000000000002 /* EventTimelineView.swift in Sources */ = {isa = PBXBuildFile; fileRef = D31E01000000000000000001 /* EventTimelineView.swift */; };
		D31E01000000000000000004 /* TimelineTests.swift in Sources */ = {isa = PBXBuildFile; fileRef = D31E01000000000000000003 /* TimelineTests.swift */; };
		D31E01000000000000000006 /* EventSheetLayout.swift in Sources */ = {isa = PBXBuildFile; fileRef = D31E01000000000000000005 /* EventSheetLayout.swift */; };
/* End PBXBuildFile section */

/* Begin PBXContainerItemProxy section */
		405920EB2C23B863008A9CF2 /* PBXContainerItemProxy */ = {
			isa = PBXContainerItemProxy;
			containerPortal = 40790D662C23286B005DDC65 /* Project object */;
			proxyType = 1;
			remoteGlobalIDString = 405920DB2C23B862008A9CF2;
			remoteInfo = UpNextWidgetExtension;
		};
		40790D7F2C23286C005DDC65 /* PBXContainerItemProxy */ = {
			isa = PBXContainerItemProxy;
			containerPortal = 40790D662C23286B005DDC65 /* Project object */;
			proxyType = 1;
			remoteGlobalIDString = 40790D6D2C23286B005DDC65;
			remoteInfo = "Up Next";
		};
		40790D892C23286C005DDC65 /* PBXContainerItemProxy */ = {
			isa = PBXContainerItemProxy;
			containerPortal = 40790D662C23286B005DDC65 /* Project object */;
			proxyType = 1;
			remoteGlobalIDString = 40790D6D2C23286B005DDC65;
			remoteInfo = "Up Next";
		};
/* End PBXContainerItemProxy section */

/* Begin PBXCopyFilesBuildPhase section */
		405920BA2C236124008A9CF2 /* Embed Foundation Extensions */ = {
			isa = PBXCopyFilesBuildPhase;
			buildActionMask = 2147483647;
			dstPath = "";
			dstSubfolderSpec = 13;
			files = (
				405920ED2C23B863008A9CF2 /* UpNextWidgetExtension.appex in Embed Foundation Extensions */,
			);
			name = "Embed Foundation Extensions";
			runOnlyForDeploymentPostprocessing = 0;
		};
/* End PBXCopyFilesBuildPhase section */

/* Begin PBXFileReference section */
        A91420260000000000000001 /* App PrivacyInfo.xcprivacy */ = {isa = PBXFileReference; lastKnownFileType = text.xml; path = "Up Next/PrivacyInfo.xcprivacy"; sourceTree = SOURCE_ROOT; };
        A91420260000000000000002 /* Widget PrivacyInfo.xcprivacy */ = {isa = PBXFileReference; lastKnownFileType = text.xml; path = "UpNextWidget/PrivacyInfo.xcprivacy"; sourceTree = SOURCE_ROOT; };
		54B29B48A048458C95B15BD3 /* BirthdayImportTests.swift */ = {isa = PBXFileReference; lastKnownFileType = sourcecode.swift; path = "Up NextTests/BirthdayImportTests.swift"; sourceTree = SOURCE_ROOT; };
		43576E20FAAF7982AF2AE269 /* ContactBirthdaysView.swift */ = {isa = PBXFileReference; lastKnownFileType = sourcecode.swift; path = "Up Next/ContactBirthdaysView.swift"; sourceTree = SOURCE_ROOT; };
		A101B826C0CD77EC35C1BCF5 /* BirthdayContactsStore.swift */ = {isa = PBXFileReference; lastKnownFileType = sourcecode.swift; path = "Up Next/BirthdayContactsStore.swift"; sourceTree = SOURCE_ROOT; };
		EC06F50DFDF48DA502F94B8C /* ContactBirthday.swift */ = {isa = PBXFileReference; lastKnownFileType = sourcecode.swift; path = "Shared/ContactBirthday.swift"; sourceTree = SOURCE_ROOT; };
		40109BFD2CBB696D00962D7C /* CategoryForm.swift */ = {isa = PBXFileReference; lastKnownFileType = sourcecode.swift; path = CategoryForm.swift; sourceTree = "<group>"; };
		4011A1512C3CE97D00F275DE /* EventForm.swift */ = {isa = PBXFileReference; lastKnownFileType = sourcecode.swift; path = EventForm.swift; sourceTree = "<group>"; };
		4038EA9D2C33832400E0CE8E /* EventLoader.swift */ = {isa = PBXFileReference; lastKnownFileType = sourcecode.swift; path = EventLoader.swift; sourceTree = "<group>"; };
		405920A72C236123008A9CF2 /* WidgetKit.framework */ = {isa = PBXFileReference; lastKnownFileType = wrapper.framework; name = WidgetKit.framework; path = System/Library/Frameworks/WidgetKit.framework; sourceTree = SDKROOT; };
		405920A92C236123008A9CF2 /* SwiftUI.framework */ = {isa = PBXFileReference; lastKnownFileType = wrapper.framework; name = SwiftUI.framework; path = System/Library/Frameworks/SwiftUI.framework; sourceTree = SDKROOT; };
		405920DC2C23B862008A9CF2 /* UpNextWidgetExtension.appex */ = {isa = PBXFileReference; explicitFileType = "wrapper.app-extension"; includeInIndex = 0; path = UpNextWidgetExtension.appex; sourceTree = BUILT_PRODUCTS_DIR; };
		405920E02C23B862008A9CF2 /* UpNextWidgetBundle.swift */ = {isa = PBXFileReference; lastKnownFileType = sourcecode.swift; path = UpNextWidgetBundle.swift; sourceTree = "<group>"; };
		405920E42C23B862008A9CF2 /* UpNextWidget.swift */ = {isa = PBXFileReference; lastKnownFileType = sourcecode.swift; path = UpNextWidget.swift; sourceTree = "<group>"; };
		405920E62C23B862008A9CF2 /* AppIntent.swift */ = {isa = PBXFileReference; lastKnownFileType = sourcecode.swift; path = AppIntent.swift; sourceTree = "<group>"; };
		405920E82C23B863008A9CF2 /* Assets.xcassets */ = {isa = PBXFileReference; lastKnownFileType = folder.assetcatalog; path = Assets.xcassets; sourceTree = "<group>"; };
		405920EA2C23B863008A9CF2 /* Info.plist */ = {isa = PBXFileReference; lastKnownFileType = text.plist.xml; path = Info.plist; sourceTree = "<group>"; };
		405920F12C23B87A008A9CF2 /* Up Next.entitlements */ = {isa = PBXFileReference; lastKnownFileType = text.plist.entitlements; path = "Up Next.entitlements"; sourceTree = "<group>"; };
		405920F22C23B887008A9CF2 /* UpNextWidgetExtension.entitlements */ = {isa = PBXFileReference; lastKnownFileType = text.plist.entitlements; name = UpNextWidgetExtension.entitlements; path = UpNextWidget/UpNextWidgetExtension.entitlements; sourceTree = SOURCE_ROOT; };
		40595AF72C4EB248007CE39E /* CustomColorPickerSheet.swift */ = {isa = PBXFileReference; lastKnownFileType = sourcecode.swift; path = CustomColorPickerSheet.swift; sourceTree = "<group>"; };
		405F66782C33A5C4003C9DC4 /* AddEventButton.swift */ = {isa = PBXFileReference; lastKnownFileType = sourcecode.swift; path = AddEventButton.swift; sourceTree = "<group>"; };
		406191892C38FA6700BC3D4A /* SettingsView.swift */ = {isa = PBXFileReference; lastKnownFileType = sourcecode.swift; path = SettingsView.swift; sourceTree = "<group>"; };
		40790D6E2C23286B005DDC65 /* Up Next.app */ = {isa = PBXFileReference; explicitFileType = wrapper.application; includeInIndex = 0; path = "Up Next.app"; sourceTree = BUILT_PRODUCTS_DIR; };
		40790D712C23286B005DDC65 /* Up_NextApp.swift */ = {isa = PBXFileReference; lastKnownFileType = sourcecode.swift; path = Up_NextApp.swift; sourceTree = "<group>"; };
		40790D732C23286B005DDC65 /* ContentView.swift */ = {isa = PBXFileReference; lastKnownFileType = sourcecode.swift; path = ContentView.swift; sourceTree = "<group>"; };
		40790D752C23286C005DDC65 /* Assets.xcassets */ = {isa = PBXFileReference; lastKnownFileType = folder.assetcatalog; path = Assets.xcassets; sourceTree = "<group>"; };
		40790D782C23286C005DDC65 /* Preview Assets.xcassets */ = {isa = PBXFileReference; lastKnownFileType = folder.assetcatalog; path = "Preview Assets.xcassets"; sourceTree = "<group>"; };
		40790D7E2C23286C005DDC65 /* Up NextTests.xctest */ = {isa = PBXFileReference; explicitFileType = wrapper.cfbundle; includeInIndex = 0; path = "Up NextTests.xctest"; sourceTree = BUILT_PRODUCTS_DIR; };
		40790D882C23286C005DDC65 /* Up NextUITests.xctest */ = {isa = PBXFileReference; explicitFileType = wrapper.cfbundle; includeInIndex = 0; path = "Up NextUITests.xctest"; sourceTree = BUILT_PRODUCTS_DIR; };
		407AE1B22C6C570800DEAD7C /* StoreKit.framework */ = {isa = PBXFileReference; lastKnownFileType = wrapper.framework; name = StoreKit.framework; path = System/Library/Frameworks/StoreKit.framework; sourceTree = SDKROOT; };
		407AE1B42C6C573100DEAD7C /* Almanac Pro.storekit */ = {isa = PBXFileReference; lastKnownFileType = text; path = "Almanac Pro.storekit"; sourceTree = "<group>"; };
		409726472C2DE2CB0050988E /* CategoryPillsView.swift */ = {isa = PBXFileReference; lastKnownFileType = sourcecode.swift; path = CategoryPillsView.swift; sourceTree = "<group>"; };
		40B4AEA92CBB998B00E4719E /* RepeatOptions.swift */ = {isa = PBXFileReference; lastKnownFileType = sourcecode.swift; path = RepeatOptions.swift; sourceTree = "<group>"; };
		40C0A84B2C4B480400B38A14 /* Info.plist */ = {isa = PBXFileReference; explicitFileType = text.plist.xml; path = Info.plist; sourceTree = SOURCE_ROOT; };
		40FEEC462C2911DD008AA61D /* CategoriesView.swift */ = {isa = PBXFileReference; lastKnownFileType = sourcecode.swift; path = CategoriesView.swift; sourceTree = "<group>"; };
		40FEEC482C291558008AA61D /* AppData.swift */ = {isa = PBXFileReference; lastKnownFileType = sourcecode.swift; path = AppData.swift; sourceTree = "<group>"; };
		40FEEC4A2C2919E0008AA61D /* Utilities.swift */ = {isa = PBXFileReference; lastKnownFileType = sourcecode.swift; path = Utilities.swift; sourceTree = "<group>"; };
		40FEEC4C2C291BA0008AA61D /* EventRow.swift */ = {isa = PBXFileReference; lastKnownFileType = sourcecode.swift; path = EventRow.swift; sourceTree = "<group>"; };
		40FEEC522C292617008AA61D /* EditEventView.swift */ = {isa = PBXFileReference; lastKnownFileType = sourcecode.swift; path = EditEventView.swift; sourceTree = "<group>"; };
		7D72B9A22B982535A34BD94F /* RegressionTests.swift */ = {isa = PBXFileReference; lastKnownFileType = sourcecode.swift; path = "Up NextTests/RegressionTests.swift"; sourceTree = SOURCE_ROOT; };
		69F4791119ECD9F2CCD11504 /* NotificationPlan.swift */ = {isa = PBXFileReference; lastKnownFileType = sourcecode.swift; path = "Shared/NotificationPlan.swift"; sourceTree = SOURCE_ROOT; };
		D9AA25E5FED3B5CB56BAE292 /* NotificationTests.swift */ = {isa = PBXFileReference; lastKnownFileType = sourcecode.swift; path = "Up NextTests/NotificationTests.swift"; sourceTree = SOURCE_ROOT; };
		D779FBF97208130751AAF53A /* AppPreferences.swift */ = {isa = PBXFileReference; lastKnownFileType = sourcecode.swift; path = "Shared/AppPreferences.swift"; sourceTree = SOURCE_ROOT; };
		9DD701A80E51DEAB22E8ACFF /* DeepLink.swift */ = {isa = PBXFileReference; lastKnownFileType = sourcecode.swift; path = "Shared/DeepLink.swift"; sourceTree = SOURCE_ROOT; };
		AA4E2B1300420E0C57E87638 /* EventWindow.swift */ = {isa = PBXFileReference; lastKnownFileType = sourcecode.swift; path = "Shared/EventWindow.swift"; sourceTree = SOURCE_ROOT; };
		388A4DE642E1E45CDAA1415D /* EventStore.swift */ = {isa = PBXFileReference; lastKnownFileType = sourcecode.swift; path = "Shared/EventStore.swift"; sourceTree = SOURCE_ROOT; };
		194B1A78F23BD7C7A274D267 /* StorageTests.swift */ = {isa = PBXFileReference; lastKnownFileType = sourcecode.swift; path = "Up NextTests/StorageTests.swift"; sourceTree = SOURCE_ROOT; };
		526CE7F7A1C4FE706A73E1FA /* Recurrence.swift */ = {isa = PBXFileReference; lastKnownFileType = sourcecode.swift; path = "Shared/Recurrence.swift"; sourceTree = SOURCE_ROOT; };
		0A37B79236BB2FFA0AD703FF /* RecurrenceTests.swift */ = {isa = PBXFileReference; lastKnownFileType = sourcecode.swift; path = "Up NextTests/RecurrenceTests.swift"; sourceTree = SOURCE_ROOT; };
		53B32FC648A00425681AAD1B /* TimelineLayout.swift */ = {isa = PBXFileReference; lastKnownFileType = sourcecode.swift; path = "Shared/TimelineLayout.swift"; sourceTree = SOURCE_ROOT; };
		52057A3A9AFD9394CF57B755 /* WidgetEvents.swift */ = {isa = PBXFileReference; lastKnownFileType = sourcecode.swift; path = "Shared/WidgetEvents.swift"; sourceTree = SOURCE_ROOT; };
		B6390FF42ACE40DE5232D7FA /* CalendarDay.swift */ = {isa = PBXFileReference; lastKnownFileType = sourcecode.swift; path = "Shared/CalendarDay.swift"; sourceTree = SOURCE_ROOT; };
		94FAD892E28928223EEDD471 /* CalendarDayTests.swift */ = {isa = PBXFileReference; lastKnownFileType = sourcecode.swift; path = "Up NextTests/CalendarDayTests.swift"; sourceTree = SOURCE_ROOT; };
		487029ABA0C58EE21B5F45AD /* Models.swift */ = {isa = PBXFileReference; lastKnownFileType = sourcecode.swift; path = "Shared/Models.swift"; sourceTree = SOURCE_ROOT; };
		A2F15DB237CB7B3AB52AB908 /* EventDateText.swift */ = {isa = PBXFileReference; lastKnownFileType = sourcecode.swift; path = "Shared/EventDateText.swift"; sourceTree = SOURCE_ROOT; };
		EB6BE45AB276B462452E4155 /* CategoryStorage.swift */ = {isa = PBXFileReference; lastKnownFileType = sourcecode.swift; path = "Shared/CategoryStorage.swift"; sourceTree = SOURCE_ROOT; };
		3750D3F87DEA7E4649B86E97 /* NotificationSchedulerTests.swift */ = {isa = PBXFileReference; lastKnownFileType = sourcecode.swift; path = "Up NextTests/NotificationSchedulerTests.swift"; sourceTree = SOURCE_ROOT; };
		57EEE7588F94EC2A31EC30AF /* SubscriptionTests.swift */ = {isa = PBXFileReference; lastKnownFileType = sourcecode.swift; path = "Up NextTests/SubscriptionTests.swift"; sourceTree = SOURCE_ROOT; };
		3DFD61507F0A4276A5F8E6D0 /* EventFlowTests.swift */ = {isa = PBXFileReference; lastKnownFileType = sourcecode.swift; path = "Up NextUITests/EventFlowTests.swift"; sourceTree = SOURCE_ROOT; };
		A109BF600000000000000001 /* QuickEventParser.swift */ = {isa = PBXFileReference; lastKnownFileType = sourcecode.swift; path = "Up Next/QuickEventParser.swift"; sourceTree = SOURCE_ROOT; };
		A109BF600000000000000003 /* NewEventDraft.swift */ = {isa = PBXFileReference; lastKnownFileType = sourcecode.swift; path = "Up Next/NewEventDraft.swift"; sourceTree = SOURCE_ROOT; };
		A109BF600000000000000007 /* QuickDateEditor.swift */ = {isa = PBXFileReference; lastKnownFileType = sourcecode.swift; path = "Up Next/QuickDateEditor.swift"; sourceTree = SOURCE_ROOT; };
		A109BF600000000000000005 /* QuickEventTests.swift */ = {isa = PBXFileReference; lastKnownFileType = sourcecode.swift; path = "Up NextTests/QuickEventTests.swift"; sourceTree = SOURCE_ROOT; };
		D31E01000000000000000001 /* EventTimelineView.swift */ = {isa = PBXFileReference; lastKnownFileType = sourcecode.swift; path = "Up Next/EventTimelineView.swift"; sourceTree = SOURCE_ROOT; };
		D31E01000000000000000003 /* TimelineTests.swift */ = {isa = PBXFileReference; lastKnownFileType = sourcecode.swift; path = "Up NextTests/TimelineTests.swift"; sourceTree = SOURCE_ROOT; };
		D31E01000000000000000005 /* EventSheetLayout.swift */ = {isa = PBXFileReference; lastKnownFileType = sourcecode.swift; path = "Up Next/EventSheetLayout.swift"; sourceTree = SOURCE_ROOT; };
/* End PBXFileReference section */

/* Begin PBXFrameworksBuildPhase section */
		405920D92C23B862008A9CF2 /* Frameworks */ = {
			isa = PBXFrameworksBuildPhase;
			buildActionMask = 2147483647;
			files = (
				405920DE2C23B862008A9CF2 /* SwiftUI.framework in Frameworks */,
				405920DD2C23B862008A9CF2 /* WidgetKit.framework in Frameworks */,
			);
			runOnlyForDeploymentPostprocessing = 0;
		};
		40790D6B2C23286B005DDC65 /* Frameworks */ = {
			isa = PBXFrameworksBuildPhase;
			buildActionMask = 2147483647;
			files = (
				407AE1B32C6C570800DEAD7C /* StoreKit.framework in Frameworks */,
			);
			runOnlyForDeploymentPostprocessing = 0;
		};
		40790D7B2C23286C005DDC65 /* Frameworks */ = {
			isa = PBXFrameworksBuildPhase;
			buildActionMask = 2147483647;
			files = (
			);
			runOnlyForDeploymentPostprocessing = 0;
		};
		40790D852C23286C005DDC65 /* Frameworks */ = {
			isa = PBXFrameworksBuildPhase;
			buildActionMask = 2147483647;
			files = (
			);
			runOnlyForDeploymentPostprocessing = 0;
		};
/* End PBXFrameworksBuildPhase section */

/* Begin PBXGroup section */
		405920A62C236123008A9CF2 /* Frameworks */ = {
			isa = PBXGroup;
			children = (
				407AE1B22C6C570800DEAD7C /* StoreKit.framework */,
				405920A72C236123008A9CF2 /* WidgetKit.framework */,
				405920A92C236123008A9CF2 /* SwiftUI.framework */,
			);
			name = Frameworks;
			sourceTree = "<group>";
		};
		405920DF2C23B862008A9CF2 /* UpNextWidget */ = {
			isa = PBXGroup;
			children = (
				405920E02C23B862008A9CF2 /* UpNextWidgetBundle.swift */,
				405920E42C23B862008A9CF2 /* UpNextWidget.swift */,
				4038EA9D2C33832400E0CE8E /* EventLoader.swift */,
				405920E62C23B862008A9CF2 /* AppIntent.swift */,
				405920E82C23B863008A9CF2 /* Assets.xcassets */,
				405920EA2C23B863008A9CF2 /* Info.plist */,
				405920F22C23B887008A9CF2 /* UpNextWidgetExtension.entitlements */,
			);
			path = UpNextWidget;
			sourceTree = "<group>";
		};
		40790D652C23286B005DDC65 = {
			isa = PBXGroup;
			children = (
				3DFD61507F0A4276A5F8E6D0 /* EventFlowTests.swift */,
				57EEE7588F94EC2A31EC30AF /* SubscriptionTests.swift */,
				3750D3F87DEA7E4649B86E97 /* NotificationSchedulerTests.swift */,
				EB6BE45AB276B462452E4155 /* CategoryStorage.swift */,
				A2F15DB237CB7B3AB52AB908 /* EventDateText.swift */,
				487029ABA0C58EE21B5F45AD /* Models.swift */,
				94FAD892E28928223EEDD471 /* CalendarDayTests.swift */,
				B6390FF42ACE40DE5232D7FA /* CalendarDay.swift */,
				52057A3A9AFD9394CF57B755 /* WidgetEvents.swift */,
				53B32FC648A00425681AAD1B /* TimelineLayout.swift */,
				0A37B79236BB2FFA0AD703FF /* RecurrenceTests.swift */,
				526CE7F7A1C4FE706A73E1FA /* Recurrence.swift */,
				194B1A78F23BD7C7A274D267 /* StorageTests.swift */,
				388A4DE642E1E45CDAA1415D /* EventStore.swift */,
				A109BF600000000000000005 /* QuickEventTests.swift */,
				A109BF600000000000000003 /* NewEventDraft.swift */,
				A109BF600000000000000007 /* QuickDateEditor.swift */,
				A109BF600000000000000001 /* QuickEventParser.swift */,
				54B29B48A048458C95B15BD3 /* BirthdayImportTests.swift */,
				43576E20FAAF7982AF2AE269 /* ContactBirthdaysView.swift */,
				A101B826C0CD77EC35C1BCF5 /* BirthdayContactsStore.swift */,
				EC06F50DFDF48DA502F94B8C /* ContactBirthday.swift */,
				AA4E2B1300420E0C57E87638 /* EventWindow.swift */,
				9DD701A80E51DEAB22E8ACFF /* DeepLink.swift */,
				D779FBF97208130751AAF53A /* AppPreferences.swift */,
                A91420260000000000000001 /* App PrivacyInfo.xcprivacy */,
                A91420260000000000000002 /* Widget PrivacyInfo.xcprivacy */,
				D9AA25E5FED3B5CB56BAE292 /* NotificationTests.swift */,
				69F4791119ECD9F2CCD11504 /* NotificationPlan.swift */,
				7D72B9A22B982535A34BD94F /* RegressionTests.swift */,
				D31E01000000000000000003 /* TimelineTests.swift */,
				40790D702C23286B005DDC65 /* Up Next */,
				405920DF2C23B862008A9CF2 /* UpNextWidget */,
				405920A62C236123008A9CF2 /* Frameworks */,
				40790D6F2C23286B005DDC65 /* Products */,
			);
			sourceTree = "<group>";
		};
		40790D6F2C23286B005DDC65 /* Products */ = {
			isa = PBXGroup;
			children = (
				40790D6E2C23286B005DDC65 /* Up Next.app */,
				40790D7E2C23286C005DDC65 /* Up NextTests.xctest */,
				40790D882C23286C005DDC65 /* Up NextUITests.xctest */,
				405920DC2C23B862008A9CF2 /* UpNextWidgetExtension.appex */,
			);
			name = Products;
			sourceTree = "<group>";
		};
		40790D702C23286B005DDC65 /* Up Next */ = {
			isa = PBXGroup;
			children = (
				40C0A84B2C4B480400B38A14 /* Info.plist */,
				405920F12C23B87A008A9CF2 /* Up Next.entitlements */,
				40790D712C23286B005DDC65 /* Up_NextApp.swift */,
				40790D732C23286B005DDC65 /* ContentView.swift */,
				D31E01000000000000000001 /* EventTimelineView.swift */,
				D31E01000000000000000005 /* EventSheetLayout.swift */,
				405F66782C33A5C4003C9DC4 /* AddEventButton.swift */,
				40FEEC4C2C291BA0008AA61D /* EventRow.swift */,
				4011A1512C3CE97D00F275DE /* EventForm.swift */,
				406191892C38FA6700BC3D4A /* SettingsView.swift */,
				409726472C2DE2CB0050988E /* CategoryPillsView.swift */,
				40FEEC522C292617008AA61D /* EditEventView.swift */,
				40FEEC462C2911DD008AA61D /* CategoriesView.swift */,
				40B4AEA92CBB998B00E4719E /* RepeatOptions.swift */,
				40109BFD2CBB696D00962D7C /* CategoryForm.swift */,
				40595AF72C4EB248007CE39E /* CustomColorPickerSheet.swift */,
				40790D752C23286C005DDC65 /* Assets.xcassets */,
				40790D772C23286C005DDC65 /* Preview Content */,
				40FEEC4A2C2919E0008AA61D /* Utilities.swift */,
				40FEEC482C291558008AA61D /* AppData.swift */,
				407AE1B42C6C573100DEAD7C /* Almanac Pro.storekit */,
			);
			path = "Up Next";
			sourceTree = "<group>";
		};
		40790D772C23286C005DDC65 /* Preview Content */ = {
			isa = PBXGroup;
			children = (
				40790D782C23286C005DDC65 /* Preview Assets.xcassets */,
			);
			path = "Preview Content";
			sourceTree = "<group>";
		};
/* End PBXGroup section */

/* Begin PBXNativeTarget section */
		405920DB2C23B862008A9CF2 /* UpNextWidgetExtension */ = {
			isa = PBXNativeTarget;
			buildConfigurationList = 405920EE2C23B863008A9CF2 /* Build configuration list for PBXNativeTarget "UpNextWidgetExtension" */;
			buildPhases = (
				405920D82C23B862008A9CF2 /* Sources */,
				405920D92C23B862008A9CF2 /* Frameworks */,
				405920DA2C23B862008A9CF2 /* Resources */,
			);
			buildRules = (
			);
			dependencies = (
			);
			name = UpNextWidgetExtension;
			packageProductDependencies = (
			);
			productName = UpNextWidgetExtension;
			productReference = 405920DC2C23B862008A9CF2 /* UpNextWidgetExtension.appex */;
			productType = "com.apple.product-type.app-extension";
		};
		40790D6D2C23286B005DDC65 /* Up Next */ = {
			isa = PBXNativeTarget;
			buildConfigurationList = 40790D922C23286C005DDC65 /* Build configuration list for PBXNativeTarget "Up Next" */;
			buildPhases = (
				40790D6A2C23286B005DDC65 /* Sources */,
				40790D6B2C23286B005DDC65 /* Frameworks */,
				40790D6C2C23286B005DDC65 /* Resources */,
				405920BA2C236124008A9CF2 /* Embed Foundation Extensions */,
			);
			buildRules = (
			);
			dependencies = (
				405920EC2C23B863008A9CF2 /* PBXTargetDependency */,
			);
			name = "Up Next";
			packageProductDependencies = (
			);
			productName = "Up Next";
			productReference = 40790D6E2C23286B005DDC65 /* Up Next.app */;
			productType = "com.apple.product-type.application";
		};
		40790D7D2C23286C005DDC65 /* Up NextTests */ = {
			isa = PBXNativeTarget;
			buildConfigurationList = 40790D952C23286C005DDC65 /* Build configuration list for PBXNativeTarget "Up NextTests" */;
			buildPhases = (
				40790D7A2C23286C005DDC65 /* Sources */,
				40790D7B2C23286C005DDC65 /* Frameworks */,
				40790D7C2C23286C005DDC65 /* Resources */,
			);
			buildRules = (
			);
			dependencies = (
				40790D802C23286C005DDC65 /* PBXTargetDependency */,
			);
			name = "Up NextTests";
			productName = "Up NextTests";
			productReference = 40790D7E2C23286C005DDC65 /* Up NextTests.xctest */;
			productType = "com.apple.product-type.bundle.unit-test";
		};
		40790D872C23286C005DDC65 /* Up NextUITests */ = {
			isa = PBXNativeTarget;
			buildConfigurationList = 40790D982C23286C005DDC65 /* Build configuration list for PBXNativeTarget "Up NextUITests" */;
			buildPhases = (
				40790D842C23286C005DDC65 /* Sources */,
				40790D852C23286C005DDC65 /* Frameworks */,
				40790D862C23286C005DDC65 /* Resources */,
			);
			buildRules = (
			);
			dependencies = (
				40790D8A2C23286C005DDC65 /* PBXTargetDependency */,
			);
			name = "Up NextUITests";
			productName = "Up NextUITests";
			productReference = 40790D882C23286C005DDC65 /* Up NextUITests.xctest */;
			productType = "com.apple.product-type.bundle.ui-testing";
		};
/* End PBXNativeTarget section */

/* Begin PBXProject section */
		40790D662C23286B005DDC65 /* Project object */ = {
			isa = PBXProject;
			attributes = {
				BuildIndependentTargetsInParallel = 1;
				LastSwiftUpdateCheck = 1540;
				LastUpgradeCheck = 1600;
				TargetAttributes = {
					405920DB2C23B862008A9CF2 = {
						CreatedOnToolsVersion = 15.4;
					};
					40790D6D2C23286B005DDC65 = {
						CreatedOnToolsVersion = 15.4;
					};
					40790D7D2C23286C005DDC65 = {
						CreatedOnToolsVersion = 15.4;
						TestTargetID = 40790D6D2C23286B005DDC65;
					};
					40790D872C23286C005DDC65 = {
						CreatedOnToolsVersion = 15.4;
						TestTargetID = 40790D6D2C23286B005DDC65;
					};
				};
			};
			buildConfigurationList = 40790D692C23286B005DDC65 /* Build configuration list for PBXProject "Up Next" */;
			compatibilityVersion = "Xcode 14.0";
			developmentRegion = en;
			hasScannedForEncodings = 0;
			knownRegions = (
				en,
				Base,
			);
			mainGroup = 40790D652C23286B005DDC65;
			packageReferences = (
			);
			productRefGroup = 40790D6F2C23286B005DDC65 /* Products */;
			projectDirPath = "";
			projectRoot = "";
			targets = (
				40790D6D2C23286B005DDC65 /* Up Next */,
				40790D7D2C23286C005DDC65 /* Up NextTests */,
				40790D872C23286C005DDC65 /* Up NextUITests */,
				405920DB2C23B862008A9CF2 /* UpNextWidgetExtension */,
			);
		};
/* End PBXProject section */

/* Begin PBXResourcesBuildPhase section */
		405920DA2C23B862008A9CF2 /* Resources */ = {
			isa = PBXResourcesBuildPhase;
			buildActionMask = 2147483647;
			files = (
				407AE1B62C6C573100DEAD7C /* Almanac Pro.storekit in Resources */,
				405920E92C23B863008A9CF2 /* Assets.xcassets in Resources */,
                A91420260000000000000004 /* Widget PrivacyInfo.xcprivacy in Resources */,
			);
			runOnlyForDeploymentPostprocessing = 0;
		};
		40790D6C2C23286B005DDC65 /* Resources */ = {
			isa = PBXResourcesBuildPhase;
			buildActionMask = 2147483647;
			files = (
				407AE1B52C6C573100DEAD7C /* Almanac Pro.storekit in Resources */,
				40790D792C23286C005DDC65 /* Preview Assets.xcassets in Resources */,
				40790D762C23286C005DDC65 /* Assets.xcassets in Resources */,
                A91420260000000000000003 /* App PrivacyInfo.xcprivacy in Resources */,
			);
			runOnlyForDeploymentPostprocessing = 0;
		};
		40790D7C2C23286C005DDC65 /* Resources */ = {
			isa = PBXResourcesBuildPhase;
			buildActionMask = 2147483647;
			files = (
			);
			runOnlyForDeploymentPostprocessing = 0;
		};
		40790D862C23286C005DDC65 /* Resources */ = {
			isa = PBXResourcesBuildPhase;
			buildActionMask = 2147483647;
			files = (
			);
			runOnlyForDeploymentPostprocessing = 0;
		};
/* End PBXResourcesBuildPhase section */

/* Begin PBXSourcesBuildPhase section */
		405920D82C23B862008A9CF2 /* Sources */ = {
			isa = PBXSourcesBuildPhase;
			buildActionMask = 2147483647;
			files = (
				3FCB41175B0FEC3ACC0D0CF7 /* ContactBirthday.swift in Sources */,
				50D2E8E2C2E8878372D99DD4 /* CategoryStorage.swift in Sources */,
				725322D05AE2D1288128E6C3 /* EventDateText.swift in Sources */,
				517DA08CD6454F1482740071 /* Models.swift in Sources */,
				6CCF9EA38B2B4B3C85DB7DA1 /* CalendarDay.swift in Sources */,
				62712D3B52A48220B59D8B89 /* WidgetEvents.swift in Sources */,
				333981FF51AAA8898779B9EE /* Recurrence.swift in Sources */,
				799C08E9F4947E56A02212B7 /* EventStore.swift in Sources */,
				254509D39B9F1D79BD49342E /* EventWindow.swift in Sources */,
				A749BFE11F269FBBCA048C93 /* DeepLink.swift in Sources */,
				768EA39117DC0620BCCD2BC4 /* AppPreferences.swift in Sources */,
				405920E72C23B862008A9CF2 /* AppIntent.swift in Sources */,
				405920E52C23B862008A9CF2 /* UpNextWidget.swift in Sources */,
				4038EA9F2C33832400E0CE8E /* EventLoader.swift in Sources */,
				405920E12C23B862008A9CF2 /* UpNextWidgetBundle.swift in Sources */,
			);
			runOnlyForDeploymentPostprocessing = 0;
		};
		40790D6A2C23286B005DDC65 /* Sources */ = {
			isa = PBXSourcesBuildPhase;
			buildActionMask = 2147483647;
			files = (
				28D6C15966EB1FB82A24018E /* ContactBirthdaysView.swift in Sources */,
				0E0ADBF48D0525C7D347094C /* BirthdayContactsStore.swift in Sources */,
				A3FE25AE5589ABA7222E0A41 /* ContactBirthday.swift in Sources */,
				CC9182531D1738A24CDA3558 /* CategoryStorage.swift in Sources */,
				C5750AEAC09F93CEE7CEBD3A /* EventDateText.swift in Sources */,
				BCF7D80A4425E9276FE64049 /* Models.swift in Sources */,
				9219A87CFE584617073DD910 /* CalendarDay.swift in Sources */,
				023A9D682703DB452C78D9D9 /* WidgetEvents.swift in Sources */,
				57DF4C6C571B5B05BC2E70D5 /* TimelineLayout.swift in Sources */,
				375D6F82F4943D3207D9A79A /* Recurrence.swift in Sources */,
				787B0AAD2805E72D9B040DFC /* EventStore.swift in Sources */,
				A109BF600000000000000004 /* NewEventDraft.swift in Sources */,
				A109BF600000000000000008 /* QuickDateEditor.swift in Sources */,
				A109BF600000000000000002 /* QuickEventParser.swift in Sources */,
				25168B30958C3883582A3A8B /* EventWindow.swift in Sources */,
				DCCB36AF7935BC806656C34E /* DeepLink.swift in Sources */,
				EE7E13646416A9F1AC2F2B03 /* AppPreferences.swift in Sources */,
				590233A1ECFCD0624510B31F /* NotificationPlan.swift in Sources */,
				4011A1522C3CE97D00F275DE /* EventForm.swift in Sources */,
				4061918B2C38FAA100BC3D4A /* SettingsView.swift in Sources */,
				40FEEC4B2C2919E0008AA61D /* Utilities.swift in Sources */,
				40FEEC472C2911DD008AA61D /* CategoriesView.swift in Sources */,
				40790D742C23286B005DDC65 /* ContentView.swift in Sources */,
				D31E01000000000000000002 /* EventTimelineView.swift in Sources */,
				D31E01000000000000000006 /* EventSheetLayout.swift in Sources */,
				40FEEC532C292617008AA61D /* EditEventView.swift in Sources */,
				40FEEC4D2C291BA0008AA61D /* EventRow.swift in Sources */,
				409726482C2DE2CB0050988E /* CategoryPillsView.swift in Sources */,
				40790D722C23286B005DDC65 /* Up_NextApp.swift in Sources */,
				40109BFE2CBB696D00962D7C /* CategoryForm.swift in Sources */,
				40FEEC492C291558008AA61D /* AppData.swift in Sources */,
				40595AF82C4EB248007CE39E /* CustomColorPickerSheet.swift in Sources */,
				405F66792C33A5C4003C9DC4 /* AddEventButton.swift in Sources */,
				40B4AEAA2CBB998B00E4719E /* RepeatOptions.swift in Sources */,
			);
			runOnlyForDeploymentPostprocessing = 0;
		};
		40790D7A2C23286C005DDC65 /* Sources */ = {
			isa = PBXSourcesBuildPhase;
			buildActionMask = 2147483647;
			files = (
				12736DCA7BCBF515938B0029 /* BirthdayImportTests.swift in Sources */,
				2E014AED8ADFBBA3DD78B04C /* SubscriptionTests.swift in Sources */,
				0413DCA61A0BEC6798977FE7 /* NotificationSchedulerTests.swift in Sources */,
				8C7DC69CE3A57680D6D442D0 /* CalendarDayTests.swift in Sources */,
				94B239855355F36008D77FAD /* RecurrenceTests.swift in Sources */,
				86180C32DB874A966B7DC47A /* StorageTests.swift in Sources */,
				A109BF600000000000000006 /* QuickEventTests.swift in Sources */,
				3FB7FDD1DAF38F55B98B55E4 /* NotificationTests.swift in Sources */,
				3300964BAEB5833E280B7B48 /* RegressionTests.swift in Sources */,
				D31E01000000000000000004 /* TimelineTests.swift in Sources */,
			);
			runOnlyForDeploymentPostprocessing = 0;
		};
		40790D842C23286C005DDC65 /* Sources */ = {
			isa = PBXSourcesBuildPhase;
			buildActionMask = 2147483647;
			files = (
				50F593EF995BBDAE9B71C4F7 /* EventFlowTests.swift in Sources */,
			);
			runOnlyForDeploymentPostprocessing = 0;
		};
/* End PBXSourcesBuildPhase section */

/* Begin PBXTargetDependency section */
		405920EC2C23B863008A9CF2 /* PBXTargetDependency */ = {
			isa = PBXTargetDependency;
			target = 405920DB2C23B862008A9CF2 /* UpNextWidgetExtension */;
			targetProxy = 405920EB2C23B863008A9CF2 /* PBXContainerItemProxy */;
		};
		40790D802C23286C005DDC65 /* PBXTargetDependency */ = {
			isa = PBXTargetDependency;
			target = 40790D6D2C23286B005DDC65 /* Up Next */;
			targetProxy = 40790D7F2C23286C005DDC65 /* PBXContainerItemProxy */;
		};
		40790D8A2C23286C005DDC65 /* PBXTargetDependency */ = {
			isa = PBXTargetDependency;
			target = 40790D6D2C23286B005DDC65 /* Up Next */;
			targetProxy = 40790D892C23286C005DDC65 /* PBXContainerItemProxy */;
		};
/* End PBXTargetDependency section */

/* Begin XCBuildConfiguration section */
		405920EF2C23B863008A9CF2 /* Debug */ = {
			isa = XCBuildConfiguration;
			buildSettings = {
				ASSETCATALOG_COMPILER_GLOBAL_ACCENT_COLOR_NAME = AccentColor;
				ASSETCATALOG_COMPILER_WIDGET_BACKGROUND_COLOR_NAME = WidgetBackground;
				CODE_SIGN_ALLOW_ENTITLEMENTS_MODIFICATION = NO;
				CODE_SIGN_ENTITLEMENTS = UpNextWidget/UpNextWidgetExtension.entitlements;
				CODE_SIGN_STYLE = Automatic;
				CURRENT_PROJECT_VERSION = 1;
				DEVELOPMENT_TEAM = RWC965TCNN;
				GENERATE_INFOPLIST_FILE = YES;
				INFOPLIST_FILE = UpNextWidget/Info.plist;
				INFOPLIST_KEY_CFBundleDisplayName = UpNextWidget;
				INFOPLIST_KEY_NSHumanReadableCopyright = "";
				LD_RUNPATH_SEARCH_PATHS = (
					"$(inherited)",
					"@executable_path/Frameworks",
					"@executable_path/../../Frameworks",
				);
				MARKETING_VERSION = 1.0.6;
				PRODUCT_BUNDLE_IDENTIFIER = "ValdiviaWorks.Up-Next.UpNextWidget";
				PRODUCT_NAME = "$(TARGET_NAME)";
				SKIP_INSTALL = YES;
				SWIFT_EMIT_LOC_STRINGS = YES;
				SWIFT_VERSION = 5.0;
				TARGETED_DEVICE_FAMILY = "1,2";
			};
			name = Debug;
		};
		405920F02C23B863008A9CF2 /* Release */ = {
			isa = XCBuildConfiguration;
			buildSettings = {
				ASSETCATALOG_COMPILER_GLOBAL_ACCENT_COLOR_NAME = AccentColor;
				ASSETCATALOG_COMPILER_WIDGET_BACKGROUND_COLOR_NAME = WidgetBackground;
				CODE_SIGN_ALLOW_ENTITLEMENTS_MODIFICATION = NO;
				CODE_SIGN_ENTITLEMENTS = UpNextWidget/UpNextWidgetExtension.entitlements;
				CODE_SIGN_STYLE = Automatic;
				CURRENT_PROJECT_VERSION = 1;
				DEVELOPMENT_TEAM = RWC965TCNN;
				GENERATE_INFOPLIST_FILE = YES;
				INFOPLIST_FILE = UpNextWidget/Info.plist;
				INFOPLIST_KEY_CFBundleDisplayName = UpNextWidget;
				INFOPLIST_KEY_NSHumanReadableCopyright = "";
				LD_RUNPATH_SEARCH_PATHS = (
					"$(inherited)",
					"@executable_path/Frameworks",
					"@executable_path/../../Frameworks",
				);
				MARKETING_VERSION = 1.0.6;
				PRODUCT_BUNDLE_IDENTIFIER = "ValdiviaWorks.Up-Next.UpNextWidget";
				PRODUCT_NAME = "$(TARGET_NAME)";
				SKIP_INSTALL = YES;
				SWIFT_EMIT_LOC_STRINGS = YES;
				SWIFT_VERSION = 5.0;
				TARGETED_DEVICE_FAMILY = "1,2";
			};
			name = Release;
		};
		40790D902C23286C005DDC65 /* Debug */ = {
			isa = XCBuildConfiguration;
			buildSettings = {
				ALWAYS_SEARCH_USER_PATHS = NO;
				ASSETCATALOG_COMPILER_GENERATE_SWIFT_ASSET_SYMBOL_EXTENSIONS = YES;
				CLANG_ANALYZER_NONNULL = YES;
				CLANG_ANALYZER_NUMBER_OBJECT_CONVERSION = YES_AGGRESSIVE;
				CLANG_CXX_LANGUAGE_STANDARD = "gnu++20";
				CLANG_ENABLE_MODULES = YES;
				CLANG_ENABLE_OBJC_ARC = YES;
				CLANG_ENABLE_OBJC_WEAK = YES;
				CLANG_WARN_BLOCK_CAPTURE_AUTORELEASING = YES;
				CLANG_WARN_BOOL_CONVERSION = YES;
				CLANG_WARN_COMMA = YES;
				CLANG_WARN_CONSTANT_CONVERSION = YES;
				CLANG_WARN_DEPRECATED_OBJC_IMPLEMENTATIONS = YES;
				CLANG_WARN_DIRECT_OBJC_ISA_USAGE = YES_ERROR;
				CLANG_WARN_DOCUMENTATION_COMMENTS = YES;
				CLANG_WARN_EMPTY_BODY = YES;
				CLANG_WARN_ENUM_CONVERSION = YES;
				CLANG_WARN_INFINITE_RECURSION = YES;
				CLANG_WARN_INT_CONVERSION = YES;
				CLANG_WARN_NON_LITERAL_NULL_CONVERSION = YES;
				CLANG_WARN_OBJC_IMPLICIT_RETAIN_SELF = YES;
				CLANG_WARN_OBJC_LITERAL_CONVERSION = YES;
				CLANG_WARN_OBJC_ROOT_CLASS = YES_ERROR;
				CLANG_WARN_QUOTED_INCLUDE_IN_FRAMEWORK_HEADER = YES;
				CLANG_WARN_RANGE_LOOP_ANALYSIS = YES;
				CLANG_WARN_STRICT_PROTOTYPES = YES;
				CLANG_WARN_SUSPICIOUS_MOVE = YES;
				CLANG_WARN_UNGUARDED_AVAILABILITY = YES_AGGRESSIVE;
				CLANG_WARN_UNREACHABLE_CODE = YES;
				CLANG_WARN__DUPLICATE_METHOD_MATCH = YES;
				CODE_SIGN_ALLOW_ENTITLEMENTS_MODIFICATION = NO;
				COPY_PHASE_STRIP = NO;
				DEBUG_INFORMATION_FORMAT = "dwarf-with-dsym";
				ENABLE_STRICT_OBJC_MSGSEND = YES;
				ENABLE_TESTABILITY = YES;
				ENABLE_USER_SCRIPT_SANDBOXING = YES;
				GCC_C_LANGUAGE_STANDARD = gnu17;
				GCC_DYNAMIC_NO_PIC = NO;
				GCC_NO_COMMON_BLOCKS = YES;
				GCC_OPTIMIZATION_LEVEL = 0;
				GCC_PREPROCESSOR_DEFINITIONS = (
					"DEBUG=1",
					"$(inherited)",
				);
				GCC_WARN_64_TO_32_BIT_CONVERSION = YES;
				GCC_WARN_ABOUT_RETURN_TYPE = YES_ERROR;
				GCC_WARN_UNDECLARED_SELECTOR = YES;
				GCC_WARN_UNINITIALIZED_AUTOS = YES_AGGRESSIVE;
				GCC_WARN_UNUSED_FUNCTION = YES;
				GCC_WARN_UNUSED_VARIABLE = YES;
				IPHONEOS_DEPLOYMENT_TARGET = 17.5;
				LOCALIZATION_PREFERS_STRING_CATALOGS = YES;
				MTL_ENABLE_DEBUG_INFO = INCLUDE_SOURCE;
				MTL_FAST_MATH = YES;
				ONLY_ACTIVE_ARCH = YES;
				SDKROOT = iphoneos;
				SWIFT_ACTIVE_COMPILATION_CONDITIONS = "DEBUG $(inherited)";
				SWIFT_OPTIMIZATION_LEVEL = "-Onone";
			};
			name = Debug;
		};
		40790D912C23286C005DDC65 /* Release */ = {
			isa = XCBuildConfiguration;
			buildSettings = {
				ALWAYS_SEARCH_USER_PATHS = NO;
				ASSETCATALOG_COMPILER_GENERATE_SWIFT_ASSET_SYMBOL_EXTENSIONS = YES;
				CLANG_ANALYZER_NONNULL = YES;
				CLANG_ANALYZER_NUMBER_OBJECT_CONVERSION = YES_AGGRESSIVE;
				CLANG_CXX_LANGUAGE_STANDARD = "gnu++20";
				CLANG_ENABLE_MODULES = YES;
				CLANG_ENABLE_OBJC_ARC = YES;
				CLANG_ENABLE_OBJC_WEAK = YES;
				CLANG_WARN_BLOCK_CAPTURE_AUTORELEASING = YES;
				CLANG_WARN_BOOL_CONVERSION = YES;
				CLANG_WARN_COMMA = YES;
				CLANG_WARN_CONSTANT_CONVERSION = YES;
				CLANG_WARN_DEPRECATED_OBJC_IMPLEMENTATIONS = YES;
				CLANG_WARN_DIRECT_OBJC_ISA_USAGE = YES_ERROR;
				CLANG_WARN_DOCUMENTATION_COMMENTS = YES;
				CLANG_WARN_EMPTY_BODY = YES;
				CLANG_WARN_ENUM_CONVERSION = YES;
				CLANG_WARN_INFINITE_RECURSION = YES;
				CLANG_WARN_INT_CONVERSION = YES;
				CLANG_WARN_NON_LITERAL_NULL_CONVERSION = YES;
				CLANG_WARN_OBJC_IMPLICIT_RETAIN_SELF = YES;
				CLANG_WARN_OBJC_LITERAL_CONVERSION = YES;
				CLANG_WARN_OBJC_ROOT_CLASS = YES_ERROR;
				CLANG_WARN_QUOTED_INCLUDE_IN_FRAMEWORK_HEADER = YES;
				CLANG_WARN_RANGE_LOOP_ANALYSIS = YES;
				CLANG_WARN_STRICT_PROTOTYPES = YES;
				CLANG_WARN_SUSPICIOUS_MOVE = YES;
				CLANG_WARN_UNGUARDED_AVAILABILITY = YES_AGGRESSIVE;
				CLANG_WARN_UNREACHABLE_CODE = YES;
				CLANG_WARN__DUPLICATE_METHOD_MATCH = YES;
				CODE_SIGN_ALLOW_ENTITLEMENTS_MODIFICATION = NO;
				COPY_PHASE_STRIP = NO;
				DEBUG_INFORMATION_FORMAT = "dwarf-with-dsym";
				ENABLE_NS_ASSERTIONS = NO;
				ENABLE_STRICT_OBJC_MSGSEND = YES;
				ENABLE_USER_SCRIPT_SANDBOXING = YES;
				GCC_C_LANGUAGE_STANDARD = gnu17;
				GCC_NO_COMMON_BLOCKS = YES;
				GCC_WARN_64_TO_32_BIT_CONVERSION = YES;
				GCC_WARN_ABOUT_RETURN_TYPE = YES_ERROR;
				GCC_WARN_UNDECLARED_SELECTOR = YES;
				GCC_WARN_UNINITIALIZED_AUTOS = YES_AGGRESSIVE;
				GCC_WARN_UNUSED_FUNCTION = YES;
				GCC_WARN_UNUSED_VARIABLE = YES;
				IPHONEOS_DEPLOYMENT_TARGET = 17.5;
				LOCALIZATION_PREFERS_STRING_CATALOGS = YES;
				MTL_ENABLE_DEBUG_INFO = NO;
				MTL_FAST_MATH = YES;
				SDKROOT = iphoneos;
				SWIFT_COMPILATION_MODE = wholemodule;
				VALIDATE_PRODUCT = YES;
			};
			name = Release;
		};
		40790D932C23286C005DDC65 /* Debug */ = {
			isa = XCBuildConfiguration;
			buildSettings = {
				ASSETCATALOG_COMPILER_APPICON_NAME = AppIcon;
				ASSETCATALOG_COMPILER_GLOBAL_ACCENT_COLOR_NAME = AccentColor;
				ASSETCATALOG_COMPILER_INCLUDE_ALL_APPICON_ASSETS = YES;
				CODE_SIGN_ALLOW_ENTITLEMENTS_MODIFICATION = YES;
				CODE_SIGN_ENTITLEMENTS = "Up Next/Up Next.entitlements";
				"CODE_SIGN_ENTITLEMENTS[sdk=iphonesimulator*]" = "Up Next/Up NextSimulator.entitlements";
				CODE_SIGN_STYLE = Automatic;
				CURRENT_PROJECT_VERSION = 1;
				DEVELOPMENT_ASSET_PATHS = "\"Up Next/Preview Content\"";
				DEVELOPMENT_TEAM = RWC965TCNN;
				ENABLE_PREVIEWS = YES;
				GENERATE_INFOPLIST_FILE = YES;
				INFOPLIST_FILE = "Up Next/Info.plist";
				INFOPLIST_KEY_LSApplicationCategoryType = "";
				INFOPLIST_KEY_UIApplicationSceneManifest_Generation = YES;
				INFOPLIST_KEY_UIApplicationSupportsIndirectInputEvents = YES;
				INFOPLIST_KEY_UILaunchScreen_Generation = YES;
				INFOPLIST_KEY_UISupportedInterfaceOrientations_iPad = "UIInterfaceOrientationPortrait UIInterfaceOrientationPortraitUpsideDown UIInterfaceOrientationLandscapeLeft UIInterfaceOrientationLandscapeRight";
				INFOPLIST_KEY_UISupportedInterfaceOrientations_iPhone = "UIInterfaceOrientationPortrait UIInterfaceOrientationLandscapeLeft UIInterfaceOrientationLandscapeRight";
				LD_RUNPATH_SEARCH_PATHS = (
					"$(inherited)",
					"@executable_path/Frameworks",
				);
				MARKETING_VERSION = 1.0.6;
				PRODUCT_BUNDLE_IDENTIFIER = "ValdiviaWorks.Up-Next";
				PRODUCT_NAME = "$(TARGET_NAME)";
				SUPPORTED_PLATFORMS = "iphoneos iphonesimulator";
				SUPPORTS_MACCATALYST = NO;
				SUPPORTS_MAC_DESIGNED_FOR_IPHONE_IPAD = NO;
				SUPPORTS_XR_DESIGNED_FOR_IPHONE_IPAD = NO;
				SWIFT_EMIT_LOC_STRINGS = YES;
				SWIFT_VERSION = 5.0;
				TARGETED_DEVICE_FAMILY = 1;
			};
			name = Debug;
		};
		40790D942C23286C005DDC65 /* Release */ = {
			isa = XCBuildConfiguration;
			buildSettings = {
				ASSETCATALOG_COMPILER_APPICON_NAME = AppIcon;
				ASSETCATALOG_COMPILER_GLOBAL_ACCENT_COLOR_NAME = AccentColor;
				ASSETCATALOG_COMPILER_INCLUDE_ALL_APPICON_ASSETS = YES;
				CODE_SIGN_ALLOW_ENTITLEMENTS_MODIFICATION = YES;
				CODE_SIGN_ENTITLEMENTS = "Up Next/Up Next.entitlements";
				CODE_SIGN_STYLE = Automatic;
				CURRENT_PROJECT_VERSION = 1;
				DEVELOPMENT_ASSET_PATHS = "\"Up Next/Preview Content\"";
				DEVELOPMENT_TEAM = RWC965TCNN;
				ENABLE_PREVIEWS = YES;
				GENERATE_INFOPLIST_FILE = YES;
				INFOPLIST_FILE = "Up Next/Info.plist";
				INFOPLIST_KEY_LSApplicationCategoryType = "";
				INFOPLIST_KEY_UIApplicationSceneManifest_Generation = YES;
				INFOPLIST_KEY_UIApplicationSupportsIndirectInputEvents = YES;
				INFOPLIST_KEY_UILaunchScreen_Generation = YES;
				INFOPLIST_KEY_UISupportedInterfaceOrientations_iPad = "UIInterfaceOrientationPortrait UIInterfaceOrientationPortraitUpsideDown UIInterfaceOrientationLandscapeLeft UIInterfaceOrientationLandscapeRight";
				INFOPLIST_KEY_UISupportedInterfaceOrientations_iPhone = "UIInterfaceOrientationPortrait UIInterfaceOrientationLandscapeLeft UIInterfaceOrientationLandscapeRight";
				LD_RUNPATH_SEARCH_PATHS = (
					"$(inherited)",
					"@executable_path/Frameworks",
				);
				MARKETING_VERSION = 1.0.6;
				PRODUCT_BUNDLE_IDENTIFIER = "ValdiviaWorks.Up-Next";
				PRODUCT_NAME = "$(TARGET_NAME)";
				SUPPORTED_PLATFORMS = "iphoneos iphonesimulator";
				SUPPORTS_MACCATALYST = NO;
				SUPPORTS_MAC_DESIGNED_FOR_IPHONE_IPAD = NO;
				SUPPORTS_XR_DESIGNED_FOR_IPHONE_IPAD = NO;
				SWIFT_EMIT_LOC_STRINGS = YES;
				SWIFT_VERSION = 5.0;
				TARGETED_DEVICE_FAMILY = 1;
			};
			name = Release;
		};
		40790D962C23286C005DDC65 /* Debug */ = {
			isa = XCBuildConfiguration;
			buildSettings = {
				BUNDLE_LOADER = "$(TEST_HOST)";
				CODE_SIGN_ALLOW_ENTITLEMENTS_MODIFICATION = NO;
				CODE_SIGN_STYLE = Automatic;
				CURRENT_PROJECT_VERSION = 1;
				DEVELOPMENT_TEAM = RWC965TCNN;
				GENERATE_INFOPLIST_FILE = YES;
				IPHONEOS_DEPLOYMENT_TARGET = 17.5;
				MARKETING_VERSION = 1.0;
				PRODUCT_BUNDLE_IDENTIFIER = "ValdiviaWorks.Up-NextTests";
				PRODUCT_NAME = "$(TARGET_NAME)";
				SWIFT_EMIT_LOC_STRINGS = NO;
				SWIFT_VERSION = 5.0;
				TARGETED_DEVICE_FAMILY = "1,2";
				TEST_HOST = "$(BUILT_PRODUCTS_DIR)/Up Next.app/$(BUNDLE_EXECUTABLE_FOLDER_PATH)/Up Next";
			};
			name = Debug;
		};
		40790D972C23286C005DDC65 /* Release */ = {
			isa = XCBuildConfiguration;
			buildSettings = {
				BUNDLE_LOADER = "$(TEST_HOST)";
				CODE_SIGN_ALLOW_ENTITLEMENTS_MODIFICATION = NO;
				CODE_SIGN_STYLE = Automatic;
				CURRENT_PROJECT_VERSION = 1;
				DEVELOPMENT_TEAM = RWC965TCNN;
				GENERATE_INFOPLIST_FILE = YES;
				IPHONEOS_DEPLOYMENT_TARGET = 17.5;
				MARKETING_VERSION = 1.0;
				PRODUCT_BUNDLE_IDENTIFIER = "ValdiviaWorks.Up-NextTests";
				PRODUCT_NAME = "$(TARGET_NAME)";
				SWIFT_EMIT_LOC_STRINGS = NO;
				SWIFT_VERSION = 5.0;
				TARGETED_DEVICE_FAMILY = "1,2";
				TEST_HOST = "$(BUILT_PRODUCTS_DIR)/Up Next.app/$(BUNDLE_EXECUTABLE_FOLDER_PATH)/Up Next";
			};
			name = Release;
		};
		40790D992C23286C005DDC65 /* Debug */ = {
			isa = XCBuildConfiguration;
			buildSettings = {
				CODE_SIGN_ALLOW_ENTITLEMENTS_MODIFICATION = NO;
				CODE_SIGN_STYLE = Automatic;
				CURRENT_PROJECT_VERSION = 1;
				DEVELOPMENT_TEAM = RWC965TCNN;
				GENERATE_INFOPLIST_FILE = YES;
				MARKETING_VERSION = 1.0;
				PRODUCT_BUNDLE_IDENTIFIER = "ValdiviaWorks.Up-NextUITests";
				PRODUCT_NAME = "$(TARGET_NAME)";
				SWIFT_EMIT_LOC_STRINGS = NO;
				SWIFT_VERSION = 5.0;
				TARGETED_DEVICE_FAMILY = "1,2";
				TEST_TARGET_NAME = "Up Next";
			};
			name = Debug;
		};
		40790D9A2C23286C005DDC65 /* Release */ = {
			isa = XCBuildConfiguration;
			buildSettings = {
				CODE_SIGN_ALLOW_ENTITLEMENTS_MODIFICATION = NO;
				CODE_SIGN_STYLE = Automatic;
				CURRENT_PROJECT_VERSION = 1;
				DEVELOPMENT_TEAM = RWC965TCNN;
				GENERATE_INFOPLIST_FILE = YES;
				MARKETING_VERSION = 1.0;
				PRODUCT_BUNDLE_IDENTIFIER = "ValdiviaWorks.Up-NextUITests";
				PRODUCT_NAME = "$(TARGET_NAME)";
				SWIFT_EMIT_LOC_STRINGS = NO;
				SWIFT_VERSION = 5.0;
				TARGETED_DEVICE_FAMILY = "1,2";
				TEST_TARGET_NAME = "Up Next";
			};
			name = Release;
		};
/* End XCBuildConfiguration section */

/* Begin XCConfigurationList section */
		405920EE2C23B863008A9CF2 /* Build configuration list for PBXNativeTarget "UpNextWidgetExtension" */ = {
			isa = XCConfigurationList;
			buildConfigurations = (
				405920EF2C23B863008A9CF2 /* Debug */,
				405920F02C23B863008A9CF2 /* Release */,
			);
			defaultConfigurationIsVisible = 0;
			defaultConfigurationName = Release;
		};
		40790D692C23286B005DDC65 /* Build configuration list for PBXProject "Up Next" */ = {
			isa = XCConfigurationList;
			buildConfigurations = (
				40790D902C23286C005DDC65 /* Debug */,
				40790D912C23286C005DDC65 /* Release */,
			);
			defaultConfigurationIsVisible = 0;
			defaultConfigurationName = Release;
		};
		40790D922C23286C005DDC65 /* Build configuration list for PBXNativeTarget "Up Next" */ = {
			isa = XCConfigurationList;
			buildConfigurations = (
				40790D932C23286C005DDC65 /* Debug */,
				40790D942C23286C005DDC65 /* Release */,
			);
			defaultConfigurationIsVisible = 0;
			defaultConfigurationName = Release;
		};
		40790D952C23286C005DDC65 /* Build configuration list for PBXNativeTarget "Up NextTests" */ = {
			isa = XCConfigurationList;
			buildConfigurations = (
				40790D962C23286C005DDC65 /* Debug */,
				40790D972C23286C005DDC65 /* Release */,
			);
			defaultConfigurationIsVisible = 0;
			defaultConfigurationName = Release;
		};
		40790D982C23286C005DDC65 /* Build configuration list for PBXNativeTarget "Up NextUITests" */ = {
			isa = XCConfigurationList;
			buildConfigurations = (
				40790D992C23286C005DDC65 /* Debug */,
				40790D9A2C23286C005DDC65 /* Release */,
			);
			defaultConfigurationIsVisible = 0;
			defaultConfigurationName = Release;
		};
/* End XCConfigurationList section */


	};
	rootObject = 40790D662C23286B005DDC65 /* Project object */;
}
