// !$*UTF8*$!
{
	archiveVersion = 1;
	classes = {
	};
	objectVersion = 56;
	objects = {

/* Begin PBXBuildFile section */
		40790D722C23286B005DDC65 /* Up_NextApp.swift in Sources */ = {isa = PBXBuildFile; fileRef = 40790D712C23286B005DDC65 /* Up_NextApp.swift */; };
		40790D742C23286B005DDC65 /* ContentView.swift in Sources */ = {isa = PBXBuildFile; fileRef = 40790D732C23286B005DDC65 /* ContentView.swift */; };
		40790D762C23286C005DDC65 /* Assets.xcassets in Resources */ = {isa = PBXBuildFile; fileRef = 40790D752C23286C005DDC65 /* Assets.xcassets */; };
		40790D792C23286C005DDC65 /* Preview Assets.xcassets in Resources */ = {isa = PBXBuildFile; fileRef = 40790D782C23286C005DDC65 /* Preview Assets.xcassets */; };
		40790D832C23286C005DDC65 /* Up_NextTests.swift in Sources */ = {isa = PBXBuildFile; fileRef = 40790D822C23286C005DDC65 /* Up_NextTests.swift */; };
		40790D8D2C23286C005DDC65 /* Up_NextUITests.swift in Sources */ = {isa = PBXBuildFile; fileRef = 40790D8C2C23286C005DDC65 /* Up_NextUITests.swift */; };
		40790D8F2C23286C005DDC65 /* Up_NextUITestsLaunchTests.swift in Sources */ = {isa = PBXBuildFile; fileRef = 40790D8E2C23286C005DDC65 /* Up_NextUITestsLaunchTests.swift */; };
/* End PBXBuildFile section */

/* Begin PBXContainerItemProxy section */
		40790D7F2C23286C005DDC65 /* PBXContainerItemProxy */ = {
			isa = PBXContainerItemProxy;
			containerPortal = 40790D662C23286B005DDC65 /* Project object */;
			proxyType = 1;
			remoteGlobalIDString = 40790D6D2C23286B005DDC65;
			remoteInfo = "Up Next";
		};
		40790D892C23286C005DDC65 /* PBXContainerItemProxy */ = {
			isa = PBXContainerItemProxy;
			containerPortal = 40790D662C23286B005DDC65 /* Project object */;
			proxyType = 1;
			remoteGlobalIDString = 40790D6D2C23286B005DDC65;
			remoteInfo = "Up Next";
		};
/* End PBXContainerItemProxy section */

/* Begin PBXFileReference section */
		40790D6E2C23286B005DDC65 /* Up Next.app */ = {isa = PBXFileReference; explicitFileType = wrapper.application; includeInIndex = 0; path = "Up Next.app"; sourceTree = BUILT_PRODUCTS_DIR; };
		40790D712C23286B005DDC65 /* Up_NextApp.swift */ = {isa = PBXFileReference; lastKnownFileType = sourcecode.swift; path = Up_NextApp.swift; sourceTree = "<group>"; };
		40790D732C23286B005DDC65 /* ContentView.swift */ = {isa = PBXFileReference; lastKnownFileType = sourcecode.swift; path = ContentView.swift; sourceTree = "<group>"; };
		40790D752C23286C005DDC65 /* Assets.xcassets */ = {isa = PBXFileReference; lastKnownFileType = folder.assetcatalog; path = Assets.xcassets; sourceTree = "<group>"; };
		40790D782C23286C005DDC65 /* Preview Assets.xcassets */ = {isa = PBXFileReference; lastKnownFileType = folder.assetcatalog; path = "Preview Assets.xcassets"; sourceTree = "<group>"; };
		40790D7E2C23286C005DDC65 /* Up NextTests.xctest */ = {isa = PBXFileReference; explicitFileType = wrapper.cfbundle; includeInIndex = 0; path = "Up NextTests.xctest"; sourceTree = BUILT_PRODUCTS_DIR; };
		40790D822C23286C005DDC65 /* Up_NextTests.swift */ = {isa = PBXFileReference; lastKnownFileType = sourcecode.swift; path = Up_NextTests.swift; sourceTree = "<group>"; };
		40790D882C23286C005DDC65 /* Up NextUITests.xctest */ = {isa = PBXFileReference; explicitFileType = wrapper.cfbundle; includeInIndex = 0; path = "Up NextUITests.xctest"; sourceTree = BUILT_PRODUCTS_DIR; };
		40790D8C2C23286C005DDC65 /* Up_NextUITests.swift */ = {isa = PBXFileReference; lastKnownFileType = sourcecode.swift; path = Up_NextUITests.swift; sourceTree = "<group>"; };
		40790D8E2C23286C005DDC65 /* Up_NextUITestsLaunchTests.swift */ = {isa = PBXFileReference; lastKnownFileType = sourcecode.swift; path = Up_NextUITestsLaunchTests.swift; sourceTree = "<group>"; };
/* End PBXFileReference section */

/* Begin PBXFrameworksBuildPhase section */
		40790D6B2C23286B005DDC65 /* Frameworks */ = {
			isa = PBXFrameworksBuildPhase;
			buildActionMask = 2147483647;
			files = (
			);
			runOnlyForDeploymentPostprocessing = 0;
		};
		40790D7B2C23286C005DDC65 /* Frameworks */ = {
			isa = PBXFrameworksBuildPhase;
			buildActionMask = 2147483647;
			files = (
			);
			runOnlyForDeploymentPostprocessing = 0;
		};
		40790D852C23286C005DDC65 /* Frameworks */ = {
			isa = PBXFrameworksBuildPhase;
			buildActionMask = 2147483647;
			files = (
			);
			runOnlyForDeploymentPostprocessing = 0;
		};
/* End PBXFrameworksBuildPhase section */

/* Begin PBXGroup section */
		40790D652C23286B005DDC65 = {
			isa = PBXGroup;
			children = (
				40790D702C23286B005DDC65 /* Up Next */,
				40790D812C23286C005DDC65 /* Up NextTests */,
				40790D8B2C23286C005DDC65 /* Up NextUITests */,
				40790D6F2C23286B005DDC65 /* Products */,
			);
			sourceTree = "<group>";
		};
		40790D6F2C23286B005DDC65 /* Products */ = {
			isa = PBXGroup;
			children = (
				40790D6E2C23286B005DDC65 /* Up Next.app */,
				40790D7E2C23286C005DDC65 /* Up NextTests.xctest */,
				40790D882C23286C005DDC65 /* Up NextUITests.xctest */,
			);
			name = Products;
			sourceTree = "<group>";
		};
		40790D702C23286B005DDC65 /* Up Next */ = {
			isa = PBXGroup;
			children = (
				40790D712C23286B005DDC65 /* Up_NextApp.swift */,
				40790D732C23286B005DDC65 /* ContentView.swift */,
				40790D752C23286C005DDC65 /* Assets.xcassets */,
				40790D772C23286C005DDC65 /* Preview Content */,
			);
			path = "Up Next";
			sourceTree = "<group>";
		};
		40790D772C23286C005DDC65 /* Preview Content */ = {
			isa = PBXGroup;
			children = (
				40790D782C23286C005DDC65 /* Preview Assets.xcassets */,
			);
			path = "Preview Content";
			sourceTree = "<group>";
		};
		40790D812C23286C005DDC65 /* Up NextTests */ = {
			isa = PBXGroup;
			children = (
				40790D822C23286C005DDC65 /* Up_NextTests.swift */,
			);
			path = "Up NextTests";
			sourceTree = "<group>";
		};
		40790D8B2C23286C005DDC65 /* Up NextUITests */ = {
			isa = PBXGroup;
			children = (
				40790D8C2C23286C005DDC65 /* Up_NextUITests.swift */,
				40790D8E2C23286C005DDC65 /* Up_NextUITestsLaunchTests.swift */,
			);
			path = "Up NextUITests";
			sourceTree = "<group>";
		};
/* End PBXGroup section */

/* Begin PBXNativeTarget section */
		40790D6D2C23286B005DDC65 /* Up Next */ = {
			isa = PBXNativeTarget;
			buildConfigurationList = 40790D922C23286C005DDC65 /* Build configuration list for PBXNativeTarget "Up Next" */;
			buildPhases = (
				40790D6A2C23286B005DDC65 /* Sources */,
				40790D6B2C23286B005DDC65 /* Frameworks */,
				40790D6C2C23286B005DDC65 /* Resources */,
			);
			buildRules = (
			);
			dependencies = (
			);
			name = "Up Next";
			productName = "Up Next";
			productReference = 40790D6E2C23286B005DDC65 /* Up Next.app */;
			productType = "com.apple.product-type.application";
		};
		40790D7D2C23286C005DDC65 /* Up NextTests */ = {
			isa = PBXNativeTarget;
			buildConfigurationList = 40790D952C23286C005DDC65 /* Build configuration list for PBXNativeTarget "Up NextTests" */;
			buildPhases = (
				40790D7A2C23286C005DDC65 /* Sources */,
				40790D7B2C23286C005DDC65 /* Frameworks */,
				40790D7C2C23286C005DDC65 /* Resources */,
			);
			buildRules = (
			);
			dependencies = (
				40790D802C23286C005DDC65 /* PBXTargetDependency */,
			);
			name = "Up NextTests";
			productName = "Up NextTests";
			productReference = 40790D7E2C23286C005DDC65 /* Up NextTests.xctest */;
			productType = "com.apple.product-type.bundle.unit-test";
		};
		40790D872C23286C005DDC65 /* Up NextUITests */ = {
			isa = PBXNativeTarget;
			buildConfigurationList = 40790D982C23286C005DDC65 /* Build configuration list for PBXNativeTarget "Up NextUITests" */;
			buildPhases = (
				40790D842C23286C005DDC65 /* Sources */,
				40790D852C23286C005DDC65 /* Frameworks */,
				40790D862C23286C005DDC65 /* Resources */,
			);
			buildRules = (
			);
			dependencies = (
				40790D8A2C23286C005DDC65 /* PBXTargetDependency */,
			);
			name = "Up NextUITests";
			productName = "Up NextUITests";
			productReference = 40790D882C23286C005DDC65 /* Up NextUITests.xctest */;
			productType = "com.apple.product-type.bundle.ui-testing";
		};
/* End PBXNativeTarget section */

/* Begin PBXProject section */
		40790D662C23286B005DDC65 /* Project object */ = {
			isa = PBXProject;
			attributes = {
				BuildIndependentTargetsInParallel = 1;
				LastSwiftUpdateCheck = 1540;
				LastUpgradeCheck = 1540;
				TargetAttributes = {
					40790D6D2C23286B005DDC65 = {
						CreatedOnToolsVersion = 15.4;
					};
					40790D7D2C23286C005DDC65 = {
						CreatedOnToolsVersion = 15.4;
						TestTargetID = 40790D6D2C23286B005DDC65;
					};
					40790D872C23286C005DDC65 = {
						CreatedOnToolsVersion = 15.4;
						TestTargetID = 40790D6D2C23286B005DDC65;
					};
				};
			};
			buildConfigurationList = 40790D692C23286B005DDC65 /* Build configuration list for PBXProject "Up Next" */;
			compatibilityVersion = "Xcode 14.0";
			developmentRegion = en;
			hasScannedForEncodings = 0;
			knownRegions = (
				en,
				Base,
			);
			mainGroup = 40790D652C23286B005DDC65;
			productRefGroup = 40790D6F2C23286B005DDC65 /* Products */;
			projectDirPath = "";
			projectRoot = "";
			targets = (
				40790D6D2C23286B005DDC65 /* Up Next */,
				40790D7D2C23286C005DDC65 /* Up NextTests */,
				40790D872C23286C005DDC65 /* Up NextUITests */,
			);
		};
/* End PBXProject section */

/* Begin PBXResourcesBuildPhase section */
		40790D6C2C23286B005DDC65 /* Resources */ = {
			isa = PBXResourcesBuildPhase;
			buildActionMask = 2147483647;
			files = (
				40790D792C23286C005DDC65 /* Preview Assets.xcassets in Resources */,
				40790D762C23286C005DDC65 /* Assets.xcassets in Resources */,
			);
			runOnlyForDeploymentPostprocessing = 0;
		};
		40790D7C2C23286C005DDC65 /* Resources */ = {
			isa = PBXResourcesBuildPhase;
			buildActionMask = 2147483647;
			files = (
			);
			runOnlyForDeploymentPostprocessing = 0;
		};
		40790D862C23286C005DDC65 /* Resources */ = {
			isa = PBXResourcesBuildPhase;
			buildActionMask = 2147483647;
			files = (
			);
			runOnlyForDeploymentPostprocessing = 0;
		};
/* End PBXResourcesBuildPhase section */

/* Begin PBXSourcesBuildPhase section */
		40790D6A2C23286B005DDC65 /* Sources */ = {
			isa = PBXSourcesBuildPhase;
			buildActionMask = 2147483647;
			files = (
				40790D742C23286B005DDC65 /* ContentView.swift in Sources */,
				40790D722C23286B005DDC65 /* Up_NextApp.swift in Sources */,
			);
			runOnlyForDeploymentPostprocessing = 0;
		};
		40790D7A2C23286C005DDC65 /* Sources */ = {
			isa = PBXSourcesBuildPhase;
			buildActionMask = 2147483647;
			files = (
				40790D832C23286C005DDC65 /* Up_NextTests.swift in Sources */,
			);
			runOnlyForDeploymentPostprocessing = 0;
		};
		40790D842C23286C005DDC65 /* Sources */ = {
			isa = PBXSourcesBuildPhase;
			buildActionMask = 2147483647;
			files = (
				40790D8F2C23286C005DDC65 /* Up_NextUITestsLaunchTests.swift in Sources */,
				40790D8D2C23286C005DDC65 /* Up_NextUITests.swift in Sources */,
			);
			runOnlyForDeploymentPostprocessing = 0;
		};
/* End PBXSourcesBuildPhase section */

/* Begin PBXTargetDependency section */
		40790D802C23286C005DDC65 /* PBXTargetDependency */ = {
			isa = PBXTargetDependency;
			target = 40790D6D2C23286B005DDC65 /* Up Next */;
			targetProxy = 40790D7F2C23286C005DDC65 /* PBXContainerItemProxy */;
		};
		40790D8A2C23286C005DDC65 /* PBXTargetDependency */ = {
			isa = PBXTargetDependency;
			target = 40790D6D2C23286B005DDC65 /* Up Next */;
			targetProxy = 40790D892C23286C005DDC65 /* PBXContainerItemProxy */;
		};
/* End PBXTargetDependency section */

/* Begin XCBuildConfiguration section */
		40790D902C23286C005DDC65 /* Debug */ = {
			isa = XCBuildConfiguration;
			buildSettings = {
				ALWAYS_SEARCH_USER_PATHS = NO;
				ASSETCATALOG_COMPILER_GENERATE_SWIFT_ASSET_SYMBOL_EXTENSIONS = YES;
				CLANG_ANALYZER_NONNULL = YES;
				CLANG_ANALYZER_NUMBER_OBJECT_CONVERSION = YES_AGGRESSIVE;
				CLANG_CXX_LANGUAGE_STANDARD = "gnu++20";
				CLANG_ENABLE_MODULES = YES;
				CLANG_ENABLE_OBJC_ARC = YES;
				CLANG_ENABLE_OBJC_WEAK = YES;
				CLANG_WARN_BLOCK_CAPTURE_AUTORELEASING = YES;
				CLANG_WARN_BOOL_CONVERSION = YES;
				CLANG_WARN_COMMA = YES;
				CLANG_WARN_CONSTANT_CONVERSION = YES;
				CLANG_WARN_DEPRECATED_OBJC_IMPLEMENTATIONS = YES;
				CLANG_WARN_DIRECT_OBJC_ISA_USAGE = YES_ERROR;
				CLANG_WARN_DOCUMENTATION_COMMENTS = YES;
				CLANG_WARN_EMPTY_BODY = YES;
				CLANG_WARN_ENUM_CONVERSION = YES;
				CLANG_WARN_INFINITE_RECURSION = YES;
				CLANG_WARN_INT_CONVERSION = YES;
				CLANG_WARN_NON_LITERAL_NULL_CONVERSION = YES;
				CLANG_WARN_OBJC_IMPLICIT_RETAIN_SELF = YES;
				CLANG_WARN_OBJC_LITERAL_CONVERSION = YES;
				CLANG_WARN_OBJC_ROOT_CLASS = YES_ERROR;
				CLANG_WARN_QUOTED_INCLUDE_IN_FRAMEWORK_HEADER = YES;
				CLANG_WARN_RANGE_LOOP_ANALYSIS = YES;
				CLANG_WARN_STRICT_PROTOTYPES = YES;
				CLANG_WARN_SUSPICIOUS_MOVE = YES;
				CLANG_WARN_UNGUARDED_AVAILABILITY = YES_AGGRESSIVE;
				CLANG_WARN_UNREACHABLE_CODE = YES;
				CLANG_WARN__DUPLICATE_METHOD_MATCH = YES;
				COPY_PHASE_STRIP = NO;
				DEBUG_INFORMATION_FORMAT = dwarf;
				ENABLE_STRICT_OBJC_MSGSEND = YES;
				ENABLE_TESTABILITY = YES;
				ENABLE_USER_SCRIPT_SANDBOXING = YES;
				GCC_C_LANGUAGE_STANDARD = gnu17;
				GCC_DYNAMIC_NO_PIC = NO;
				GCC_NO_COMMON_BLOCKS = YES;
				GCC_OPTIMIZATION_LEVEL = 0;
				GCC_PREPROCESSOR_DEFINITIONS = (
					"DEBUG=1",
					"$(inherited)",
				);
				GCC_WARN_64_TO_32_BIT_CONVERSION = YES;
				GCC_WARN_ABOUT_RETURN_TYPE = YES_ERROR;
				GCC_WARN_UNDECLARED_SELECTOR = YES;
				GCC_WARN_UNINITIALIZED_AUTOS = YES_AGGRESSIVE;
				GCC_WARN_UNUSED_FUNCTION = YES;
				GCC_WARN_UNUSED_VARIABLE = YES;
				IPHONEOS_DEPLOYMENT_TARGET = 17.5;
				LOCALIZATION_PREFERS_STRING_CATALOGS = YES;
				MTL_ENABLE_DEBUG_INFO = INCLUDE_SOURCE;
				MTL_FAST_MATH = YES;
				ONLY_ACTIVE_ARCH = YES;
				SDKROOT = iphoneos;
				SWIFT_ACTIVE_COMPILATION_CONDITIONS = "DEBUG $(inherited)";
				SWIFT_OPTIMIZATION_LEVEL = "-Onone";
			};
			name = Debug;
		};
		40790D912C23286C005DDC65 /* Release */ = {
			isa = XCBuildConfiguration;
			buildSettings = {
				ALWAYS_SEARCH_USER_PATHS = NO;
				ASSETCATALOG_COMPILER_GENERATE_SWIFT_ASSET_SYMBOL_EXTENSIONS = YES;
				CLANG_ANALYZER_NONNULL = YES;
				CLANG_ANALYZER_NUMBER_OBJECT_CONVERSION = YES_AGGRESSIVE;
				CLANG_CXX_LANGUAGE_STANDARD = "gnu++20";
				CLANG_ENABLE_MODULES = YES;
				CLANG_ENABLE_OBJC_ARC = YES;
				CLANG_ENABLE_OBJC_WEAK = YES;
				CLANG_WARN_BLOCK_CAPTURE_AUTORELEASING = YES;
				CLANG_WARN_BOOL_CONVERSION = YES;
				CLANG_WARN_COMMA = YES;
				CLANG_WARN_CONSTANT_CONVERSION = YES;
				CLANG_WARN_DEPRECATED_OBJC_IMPLEMENTATIONS = YES;
				CLANG_WARN_DIRECT_OBJC_ISA_USAGE = YES_ERROR;
				CLANG_WARN_DOCUMENTATION_COMMENTS = YES;
				CLANG_WARN_EMPTY_BODY = YES;
				CLANG_WARN_ENUM_CONVERSION = YES;
				CLANG_WARN_INFINITE_RECURSION = YES;
				CLANG_WARN_INT_CONVERSION = YES;
				CLANG_WARN_NON_LITERAL_NULL_CONVERSION = YES;
				CLANG_WARN_OBJC_IMPLICIT_RETAIN_SELF = YES;
				CLANG_WARN_OBJC_LITERAL_CONVERSION = YES;
				CLANG_WARN_OBJC_ROOT_CLASS = YES_ERROR;
				CLANG_WARN_QUOTED_INCLUDE_IN_FRAMEWORK_HEADER = YES;
				CLANG_WARN_RANGE_LOOP_ANALYSIS = YES;
				CLANG_WARN_STRICT_PROTOTYPES = YES;
				CLANG_WARN_SUSPICIOUS_MOVE = YES;
				CLANG_WARN_UNGUARDED_AVAILABILITY = YES_AGGRESSIVE;
				CLANG_WARN_UNREACHABLE_CODE = YES;
				CLANG_WARN__DUPLICATE_METHOD_MATCH = YES;
				COPY_PHASE_STRIP = NO;
				DEBUG_INFORMATION_FORMAT = "dwarf-with-dsym";
				ENABLE_NS_ASSERTIONS = NO;
				ENABLE_STRICT_OBJC_MSGSEND = YES;
				ENABLE_USER_SCRIPT_SANDBOXING = YES;
				GCC_C_LANGUAGE_STANDARD = gnu17;
				GCC_NO_COMMON_BLOCKS = YES;
				GCC_WARN_64_TO_32_BIT_CONVERSION = YES;
				GCC_WARN_ABOUT_RETURN_TYPE = YES_ERROR;
				GCC_WARN_UNDECLARED_SELECTOR = YES;
				GCC_WARN_UNINITIALIZED_AUTOS = YES_AGGRESSIVE;
				GCC_WARN_UNUSED_FUNCTION = YES;
				GCC_WARN_UNUSED_VARIABLE = YES;
				IPHONEOS_DEPLOYMENT_TARGET = 17.5;
				LOCALIZATION_PREFERS_STRING_CATALOGS = YES;
				MTL_ENABLE_DEBUG_INFO = NO;
				MTL_FAST_MATH = YES;
				SDKROOT = iphoneos;
				SWIFT_COMPILATION_MODE = wholemodule;
				VALIDATE_PRODUCT = YES;
			};
			name = Release;
		};
		40790D932C23286C005DDC65 /* Debug */ = {
			isa = XCBuildConfiguration;
			buildSettings = {
				ASSETCATALOG_COMPILER_APPICON_NAME = AppIcon;
				ASSETCATALOG_COMPILER_GLOBAL_ACCENT_COLOR_NAME = AccentColor;
				CODE_SIGN_STYLE = Automatic;
				CURRENT_PROJECT_VERSION = 1;
				DEVELOPMENT_ASSET_PATHS = "\"Up Next/Preview Content\"";
				DEVELOPMENT_TEAM = RWC965TCNN;
				ENABLE_PREVIEWS = YES;
				GENERATE_INFOPLIST_FILE = YES;
				INFOPLIST_KEY_UIApplicationSceneManifest_Generation = YES;
				INFOPLIST_KEY_UIApplicationSupportsIndirectInputEvents = YES;
				INFOPLIST_KEY_UILaunchScreen_Generation = YES;
				INFOPLIST_KEY_UISupportedInterfaceOrientations_iPad = "UIInterfaceOrientationPortrait UIInterfaceOrientationPortraitUpsideDown UIInterfaceOrientationLandscapeLeft UIInterfaceOrientationLandscapeRight";
				INFOPLIST_KEY_UISupportedInterfaceOrientations_iPhone = "UIInterfaceOrientationPortrait UIInterfaceOrientationLandscapeLeft UIInterfaceOrientationLandscapeRight";
				LD_RUNPATH_SEARCH_PATHS = (
					"$(inherited)",
					"@executable_path/Frameworks",
				);
				MARKETING_VERSION = 1.0;
				PRODUCT_BUNDLE_IDENTIFIER = "ValdiviaWorks.Up-Next";
				PRODUCT_NAME = "$(TARGET_NAME)";
				SWIFT_EMIT_LOC_STRINGS = YES;
				SWIFT_VERSION = 5.0;
				TARGETED_DEVICE_FAMILY = "1,2";
			};
			name = Debug;
		};
		40790D942C23286C005DDC65 /* Release */ = {
			isa = XCBuildConfiguration;
			buildSettings = {
				ASSETCATALOG_COMPILER_APPICON_NAME = AppIcon;
				ASSETCATALOG_COMPILER_GLOBAL_ACCENT_COLOR_NAME = AccentColor;
				CODE_SIGN_STYLE = Automatic;
				CURRENT_PROJECT_VERSION = 1;
				DEVELOPMENT_ASSET_PATHS = "\"Up Next/Preview Content\"";
				DEVELOPMENT_TEAM = RWC965TCNN;
				ENABLE_PREVIEWS = YES;
				GENERATE_INFOPLIST_FILE = YES;
				INFOPLIST_KEY_UIApplicationSceneManifest_Generation = YES;
				INFOPLIST_KEY_UIApplicationSupportsIndirectInputEvents = YES;
				INFOPLIST_KEY_UILaunchScreen_Generation = YES;
				INFOPLIST_KEY_UISupportedInterfaceOrientations_iPad = "UIInterfaceOrientationPortrait UIInterfaceOrientationPortraitUpsideDown UIInterfaceOrientationLandscapeLeft UIInterfaceOrientationLandscapeRight";
				INFOPLIST_KEY_UISupportedInterfaceOrientations_iPhone = "UIInterfaceOrientationPortrait UIInterfaceOrientationLandscapeLeft UIInterfaceOrientationLandscapeRight";
				LD_RUNPATH_SEARCH_PATHS = (
					"$(inherited)",
					"@executable_path/Frameworks",
				);
				MARKETING_VERSION = 1.0;
				PRODUCT_BUNDLE_IDENTIFIER = "ValdiviaWorks.Up-Next";
				PRODUCT_NAME = "$(TARGET_NAME)";
				SWIFT_EMIT_LOC_STRINGS = YES;
				SWIFT_VERSION = 5.0;
				TARGETED_DEVICE_FAMILY = "1,2";
			};
			name = Release;
		};
		40790D962C23286C005DDC65 /* Debug */ = {
			isa = XCBuildConfiguration;
			buildSettings = {
				ALWAYS_EMBED_SWIFT_STANDARD_LIBRARIES = YES;
				BUNDLE_LOADER = "$(TEST_HOST)";
				CODE_SIGN_STYLE = Automatic;
				CURRENT_PROJECT_VERSION = 1;
				DEVELOPMENT_TEAM = RWC965TCNN;
				GENERATE_INFOPLIST_FILE = YES;
				IPHONEOS_DEPLOYMENT_TARGET = 17.5;
				MARKETING_VERSION = 1.0;
				PRODUCT_BUNDLE_IDENTIFIER = "ValdiviaWorks.Up-NextTests";
				PRODUCT_NAME = "$(TARGET_NAME)";
				SWIFT_EMIT_LOC_STRINGS = NO;
				SWIFT_VERSION = 5.0;
				TARGETED_DEVICE_FAMILY = "1,2";
				TEST_HOST = "$(BUILT_PRODUCTS_DIR)/Up Next.app/$(BUNDLE_EXECUTABLE_FOLDER_PATH)/Up Next";
			};
			name = Debug;
		};
		40790D972C23286C005DDC65 /* Release */ = {
			isa = XCBuildConfiguration;
			buildSettings = {
				ALWAYS_EMBED_SWIFT_STANDARD_LIBRARIES = YES;
				BUNDLE_LOADER = "$(TEST_HOST)";
				CODE_SIGN_STYLE = Automatic;
				CURRENT_PROJECT_VERSION = 1;
				DEVELOPMENT_TEAM = RWC965TCNN;
				GENERATE_INFOPLIST_FILE = YES;
				IPHONEOS_DEPLOYMENT_TARGET = 17.5;
				MARKETING_VERSION = 1.0;
				PRODUCT_BUNDLE_IDENTIFIER = "ValdiviaWorks.Up-NextTests";
				PRODUCT_NAME = "$(TARGET_NAME)";
				SWIFT_EMIT_LOC_STRINGS = NO;
				SWIFT_VERSION = 5.0;
				TARGETED_DEVICE_FAMILY = "1,2";
				TEST_HOST = "$(BUILT_PRODUCTS_DIR)/Up Next.app/$(BUNDLE_EXECUTABLE_FOLDER_PATH)/Up Next";
			};
			name = Release;
		};
		40790D992C23286C005DDC65 /* Debug */ = {
			isa = XCBuildConfiguration;
			buildSettings = {
				ALWAYS_EMBED_SWIFT_STANDARD_LIBRARIES = YES;
				CODE_SIGN_STYLE = Automatic;
				CURRENT_PROJECT_VERSION = 1;
				DEVELOPMENT_TEAM = RWC965TCNN;
				GENERATE_INFOPLIST_FILE = YES;
				MARKETING_VERSION = 1.0;
				PRODUCT_BUNDLE_IDENTIFIER = "ValdiviaWorks.Up-NextUITests";
				PRODUCT_NAME = "$(TARGET_NAME)";
				SWIFT_EMIT_LOC_STRINGS = NO;
				SWIFT_VERSION = 5.0;
				TARGETED_DEVICE_FAMILY = "1,2";
				TEST_TARGET_NAME = "Up Next";
			};
			name = Debug;
		};
		40790D9A2C23286C005DDC65 /* Release */ = {
			isa = XCBuildConfiguration;
			buildSettings = {
				ALWAYS_EMBED_SWIFT_STANDARD_LIBRARIES = YES;
				CODE_SIGN_STYLE = Automatic;
				CURRENT_PROJECT_VERSION = 1;
				DEVELOPMENT_TEAM = RWC965TCNN;
				GENERATE_INFOPLIST_FILE = YES;
				MARKETING_VERSION = 1.0;
				PRODUCT_BUNDLE_IDENTIFIER = "ValdiviaWorks.Up-NextUITests";
				PRODUCT_NAME = "$(TARGET_NAME)";
				SWIFT_EMIT_LOC_STRINGS = NO;
				SWIFT_VERSION = 5.0;
				TARGETED_DEVICE_FAMILY = "1,2";
				TEST_TARGET_NAME = "Up Next";
			};
			name = Release;
		};
/* End XCBuildConfiguration section */

/* Begin XCConfigurationList section */
		40790D692C23286B005DDC65 /* Build configuration list for PBXProject "Up Next" */ = {
			isa = XCConfigurationList;
			buildConfigurations = (
				40790D902C23286C005DDC65 /* Debug */,
				40790D912C23286C005DDC65 /* Release */,
			);
			defaultConfigurationIsVisible = 0;
			defaultConfigurationName = Release;
		};
		40790D922C23286C005DDC65 /* Build configuration list for PBXNativeTarget "Up Next" */ = {
			isa = XCConfigurationList;
			buildConfigurations = (
				40790D932C23286C005DDC65 /* Debug */,
				40790D942C23286C005DDC65 /* Release */,
			);
			defaultConfigurationIsVisible = 0;
			defaultConfigurationName = Release;
		};
		40790D952C23286C005DDC65 /* Build configuration list for PBXNativeTarget "Up NextTests" */ = {
			isa = XCConfigurationList;
			buildConfigurations = (
				40790D962C23286C005DDC65 /* Debug */,
				40790D972C23286C005DDC65 /* Release */,
			);
			defaultConfigurationIsVisible = 0;
			defaultConfigurationName = Release;
		};
		40790D982C23286C005DDC65 /* Build configuration list for PBXNativeTarget "Up NextUITests" */ = {
			isa = XCConfigurationList;
			buildConfigurations = (
				40790D992C23286C005DDC65 /* Debug */,
				40790D9A2C23286C005DDC65 /* Release */,
			);
			defaultConfigurationIsVisible = 0;
			defaultConfigurationName = Release;
		};
/* End XCConfigurationList section */
	};
	rootObject = 40790D662C23286B005DDC65 /* Project object */;
}
